
Microsoft Visual Studio Solution File, Format Version 10.00
# Visual Studio 2008
Project("{FAE04EC0-301F-11D3-BF4B-00C04F79EFBC}") = "Cinar.Database", "Cinar.Database\Cinar.Database.csproj", "{6727C03B-4CF9-4670-B2EC-63FACFBE5DFA}"
EndProject
Project("{FAE04EC0-301F-11D3-BF4B-00C04F79EFBC}") = "Cinar.DBTools", "Cinar.DBTools\Cinar.DBTools.csproj", "{047CE3A8-3319-4378-878E-C64F52797409}"
EndProject
Project("{FAE04EC0-301F-11D3-BF4B-00C04F79EFBC}") = "Cinar.Extensions", "Cinar.Extensions\Cinar.Extensions.csproj", "{AF6CB4F3-3A42-49B1-90CA-03310EFAE89B}"
EndProject
Project("{FAE04EC0-301F-11D3-BF4B-00C04F79EFBC}") = "Cinar.Scheduler", "Cinar.Scheduler\Cinar.Scheduler.csproj", "{4D1F4DCA-8D81-4274-B784-B0A5C372D2C9}"
EndProject
Project("{FAE04EC0-301F-11D3-BF4B-00C04F79EFBC}") = "Cinar.Scripting", "Cinar.Scripting\Cinar.Scripting.csproj", "{D33BDA95-9E9B-4B97-BF2A-B3520D8928F3}"
EndProject
Project("{FAE04EC0-301F-11D3-BF4B-00C04F79EFBC}") = "Cinar.UICommands", "Cinar.UICommands\Cinar.UICommands.csproj", "{90107230-692B-4EEF-9308-31D954AE722E}"
EndProject
Project("{FAE04EC0-301F-11D3-BF4B-00C04F79EFBC}") = "Cinar.WebServer", "Cinar.WebServer\Cinar.WebServer.csproj", "{1CEAEC92-9FC0-4FF5-9E53-147E1BCF6247}"
EndProject
Project("{FAE04EC0-301F-11D3-BF4B-00C04F79EFBC}") = "Cinar.POP3", "Cinar.POP3\Cinar.POP3.csproj", "{BB8F8A7E-B182-474E-9070-C520DEDB8BD7}"
EndProject
Global
	GlobalSection(SolutionConfigurationPlatforms) = preSolution
		Debug|Any CPU = Debug|Any CPU
		Release|Any CPU = Release|Any CPU
	EndGlobalSection
	GlobalSection(ProjectConfigurationPlatforms) = postSolution
		{6727C03B-4CF9-4670-B2EC-63FACFBE5DFA}.Debug|Any CPU.ActiveCfg = Debug|Any CPU
		{6727C03B-4CF9-4670-B2EC-63FACFBE5DFA}.Debug|Any CPU.Build.0 = Debug|Any CPU
		{6727C03B-4CF9-4670-B2EC-63FACFBE5DFA}.Release|Any CPU.ActiveCfg = Release|Any CPU
		{6727C03B-4CF9-4670-B2EC-63FACFBE5DFA}.Release|Any CPU.Build.0 = Release|Any CPU
		{047CE3A8-3319-4378-878E-C64F52797409}.Debug|Any CPU.ActiveCfg = Debug|Any CPU
		{047CE3A8-3319-4378-878E-C64F52797409}.Debug|Any CPU.Build.0 = Debug|Any CPU
		{047CE3A8-3319-4378-878E-C64F52797409}.Release|Any CPU.ActiveCfg = Release|Any CPU
		{047CE3A8-3319-4378-878E-C64F52797409}.Release|Any CPU.Build.0 = Release|Any CPU
		{AF6CB4F3-3A42-49B1-90CA-03310EFAE89B}.Debug|Any CPU.ActiveCfg = Debug|Any CPU
		{AF6CB4F3-3A42-49B1-90CA-03310EFAE89B}.Debug|Any CPU.Build.0 = Debug|Any CPU
		{AF6CB4F3-3A42-49B1-90CA-03310EFAE89B}.Release|Any CPU.ActiveCfg = Release|Any CPU
		{AF6CB4F3-3A42-49B1-90CA-03310EFAE89B}.Release|Any CPU.Build.0 = Release|Any CPU
		{4D1F4DCA-8D81-4274-B784-B0A5C372D2C9}.Debug|Any CPU.ActiveCfg = Debug|Any CPU
		{4D1F4DCA-8D81-4274-B784-B0A5C372D2C9}.Debug|Any CPU.Build.0 = Debug|Any CPU
		{4D1F4DCA-8D81-4274-B784-B0A5C372D2C9}.Release|Any CPU.ActiveCfg = Release|Any CPU
		{4D1F4DCA-8D81-4274-B784-B0A5C372D2C9}.Release|Any CPU.Build.0 = Release|Any CPU
		{D33BDA95-9E9B-4B97-BF2A-B3520D8928F3}.Debug|Any CPU.ActiveCfg = Debug|Any CPU
		{D33BDA95-9E9B-4B97-BF2A-B3520D8928F3}.Debug|Any CPU.Build.0 = Debug|Any CPU
		{D33BDA95-9E9B-4B97-BF2A-B3520D8928F3}.Release|Any CPU.ActiveCfg = Release|Any CPU
		{D33BDA95-9E9B-4B97-BF2A-B3520D8928F3}.Release|Any CPU.Build.0 = Release|Any CPU
		{90107230-692B-4EEF-9308-31D954AE722E}.Debug|Any CPU.ActiveCfg = Debug|Any CPU
		{90107230-692B-4EEF-9308-31D954AE722E}.Debug|Any CPU.Build.0 = Debug|Any CPU
		{90107230-692B-4EEF-9308-31D954AE722E}.Release|Any CPU.ActiveCfg = Release|Any CPU
		{90107230-692B-4EEF-9308-31D954AE722E}.Release|Any CPU.Build.0 = Release|Any CPU
		{1CEAEC92-9FC0-4FF5-9E53-147E1BCF6247}.Debug|Any CPU.ActiveCfg = Debug|Any CPU
		{1CEAEC92-9FC0-4FF5-9E53-147E1BCF6247}.Debug|Any CPU.Build.0 = Debug|Any CPU
		{1CEAEC92-9FC0-4FF5-9E53-147E1BCF6247}.Release|Any CPU.ActiveCfg = Release|Any CPU
		{1CEAEC92-9FC0-4FF5-9E53-147E1BCF6247}.Release|Any CPU.Build.0 = Release|Any CPU
		{BB8F8A7E-B182-474E-9070-C520DEDB8BD7}.Debug|Any CPU.ActiveCfg = Debug|Any CPU
		{BB8F8A7E-B182-474E-9070-C520DEDB8BD7}.Debug|Any CPU.Build.0 = Debug|Any CPU
		{BB8F8A7E-B182-474E-9070-C520DEDB8BD7}.Release|Any CPU.ActiveCfg = Release|Any CPU
		{BB8F8A7E-B182-474E-9070-C520DEDB8BD7}.Release|Any CPU.Build.0 = Release|Any CPU
	EndGlobalSection
	GlobalSection(SolutionProperties) = preSolution
		HideSolutionNode = FALSE
	EndGlobalSection
EndGlobal
