
Microsoft Visual Studio Solution File, Format Version 12.00
# Visual Studio 2013
VisualStudioVersion = 12.0.31101.0
MinimumVisualStudioVersion = 10.0.40219.1
Project("{FAE04EC0-301F-11D3-BF4B-00C04F79EFBC}") = "Cinar.Database", "Cinar.Database\Cinar.Database.csproj", "{6727C03B-4CF9-4670-B2EC-63FACFBE5DFA}"
EndProject
Project("{FAE04EC0-301F-11D3-BF4B-00C04F79EFBC}") = "Cinar.DBTools", "Cinar.DBTools\Cinar.DBTools.csproj", "{047CE3A8-3319-4378-878E-C64F52797409}"
EndProject
Project("{FAE04EC0-301F-11D3-BF4B-00C04F79EFBC}") = "Cinar.RSSReader", "Cinar.RSSReader\Cinar.RSSReader.csproj", "{6A041EA4-3C99-4D22-8E34-30F22392726E}"
EndProject
Project("{FAE04EC0-301F-11D3-BF4B-00C04F79EFBC}") = "Cinar.Scheduler", "Cinar.Scheduler\Cinar.Scheduler.csproj", "{4D1F4DCA-8D81-4274-B784-B0A5C372D2C9}"
EndProject
Project("{FAE04EC0-301F-11D3-BF4B-00C04F79EFBC}") = "Cinar.Scripting", "Cinar.Scripting\Cinar.Scripting.csproj", "{D33BDA95-9E9B-4B97-BF2A-B3520D8928F3}"
EndProject
Project("{FAE04EC0-301F-11D3-BF4B-00C04F79EFBC}") = "Cinar.TemplateDesign", "Cinar.TemplateDesign\Cinar.TemplateDesign.csproj", "{49A279B1-198B-4605-91D4-481A42286AE0}"
EndProject
Project("{FAE04EC0-301F-11D3-BF4B-00C04F79EFBC}") = "Cinar.UICommands", "Cinar.UICommands\Cinar.UICommands.csproj", "{90107230-692B-4EEF-9308-31D954AE722E}"
EndProject
Project("{FAE04EC0-301F-11D3-BF4B-00C04F79EFBC}") = "Cinar.Extensions", "Cinar.Extensions\Cinar.Extensions.csproj", "{AF6CB4F3-3A42-49B1-90CA-03310EFAE89B}"
EndProject
Project("{FAE04EC0-301F-11D3-BF4B-00C04F79EFBC}") = "Cinar.WebServer", "Cinar.WebServer\Cinar.WebServer.csproj", "{1CEAEC92-9FC0-4FF5-9E53-147E1BCF6247}"
EndProject
Project("{FAE04EC0-301F-11D3-BF4B-00C04F79EFBC}") = "Cinar.WinUI", "Cinar.WinUI\Cinar.WinUI.csproj", "{7328F6C9-3133-4560-A6A4-895E0C0A7EFE}"
EndProject
Project("{FAE04EC0-301F-11D3-BF4B-00C04F79EFBC}") = "Cinar.WinApp", "Cinar.WinApp\Cinar.WinApp.csproj", "{B14DD74F-5FAA-4042-8B9F-106C4118C883}"
EndProject
Project("{FAE04EC0-301F-11D3-BF4B-00C04F79EFBC}") = "Cinar.WinApp.DefaultPlugIn", "Cinar.WinApp.DefaultPlugIn\Cinar.WinApp.DefaultPlugIn.csproj", "{AD8B5868-89FE-4E7A-B38D-A08E2AF3CDEC}"
EndProject
Project("{FAE04EC0-301F-11D3-BF4B-00C04F79EFBC}") = "Cinar.Entities", "Cinar.Entities\Cinar.Entities.csproj", "{5EC4EB1E-BE93-4460-B231-CC7DCBFFD40D}"
EndProject
Project("{FAE04EC0-301F-11D3-BF4B-00C04F79EFBC}") = "Cinar.WinApp.MediaSearch", "Cinar.WinApp.MediaSearch\Cinar.WinApp.MediaSearch.csproj", "{A47AB431-1671-4574-97F9-854CA5046E51}"
EndProject
Project("{FAE04EC0-301F-11D3-BF4B-00C04F79EFBC}") = "Cinar.POP3", "Cinar.POP3\Cinar.POP3.csproj", "{E5AA23F7-818D-4D36-B2D3-EF8E4D60C01A}"
EndProject
Project("{FAE04EC0-301F-11D3-BF4B-00C04F79EFBC}") = "Cinar.FamFamFam", "Cinar.FamFamFam\Cinar.FamFamFam.csproj", "{73C0D1FF-4C20-4EA1-9224-A461AD0AF249}"
EndProject
Project("{FAE04EC0-301F-11D3-BF4B-00C04F79EFBC}") = "Cinar.Common", "Cinar.Common\Cinar.Common.csproj", "{E9B26A78-06FF-4D79-9C37-D4198DF126EB}"
EndProject
Project("{FAE04EC0-301F-11D3-BF4B-00C04F79EFBC}") = "Cinar.Drawing", "Cinar.Drawing\Cinar.Drawing.csproj", "{503A444F-2A33-4CC5-BBAD-7440F1BF3916}"
EndProject
Project("{FAE04EC0-301F-11D3-BF4B-00C04F79EFBC}") = "Cinar.CMS.Library", "Cinar.CMS.Library\Cinar.CMS.Library.csproj", "{97BEE0DF-85DB-4265-A5A7-C8C11B9C9322}"
EndProject
Project("{E24C65DC-7377-472B-9ABA-BC803B73C61A}") = "Cinar.CMS.Web", "Cinar.CMS.Web\", "{20591669-C8ED-46C3-A2B8-24E4CBAAAD48}"
	ProjectSection(WebsiteProperties) = preProject
		TargetFrameworkMoniker = ".NETFramework,Version%3Dv4.0"
		ProjectReferences = "{97BEE0DF-85DB-4265-A5A7-C8C11B9C9322}|Cinar.CMS.Library.dll;{E9B26A78-06FF-4D79-9C37-D4198DF126EB}|Cinar.Common.dll;{6727C03B-4CF9-4670-B2EC-63FACFBE5DFA}|Cinar.Database.dll;{AF6CB4F3-3A42-49B1-90CA-03310EFAE89B}|Cinar.Extensions.dll;{E5AA23F7-818D-4D36-B2D3-EF8E4D60C01A}|Cinar.POP3.dll;{D33BDA95-9E9B-4B97-BF2A-B3520D8928F3}|Cinar.Scripting.dll;{6A041EA4-3C99-4D22-8E34-30F22392726E}|Cinar.RSSReader.dll;"
		Debug.AspNetCompiler.VirtualPath = "/Cinar.CMS.Web"
		Debug.AspNetCompiler.PhysicalPath = "Cinar.CMS.Web\"
		Debug.AspNetCompiler.TargetPath = "PrecompiledWeb\Cinar.CMS.Web\"
		Debug.AspNetCompiler.Updateable = "true"
		Debug.AspNetCompiler.ForceOverwrite = "true"
		Debug.AspNetCompiler.FixedNames = "false"
		Debug.AspNetCompiler.Debug = "True"
		Release.AspNetCompiler.VirtualPath = "/Cinar.CMS.Web"
		Release.AspNetCompiler.PhysicalPath = "Cinar.CMS.Web\"
		Release.AspNetCompiler.TargetPath = "PrecompiledWeb\Cinar.CMS.Web\"
		Release.AspNetCompiler.Updateable = "true"
		Release.AspNetCompiler.ForceOverwrite = "true"
		Release.AspNetCompiler.FixedNames = "false"
		Release.AspNetCompiler.Debug = "False"
		VWDPort = "3618"
		VWDDynamicPort = "false"
		VWDVirtualPath = "/"
		SlnRelativePath = "Cinar.CMS.Web\"
	EndProjectSection
EndProject
Project("{FAE04EC0-301F-11D3-BF4B-00C04F79EFBC}") = "Cinar.Test", "Cinar.Test\Cinar.Test.csproj", "{4564B11B-7171-4DD3-8E7A-1941F67DC9F8}"
EndProject
Project("{FAE04EC0-301F-11D3-BF4B-00C04F79EFBC}") = "Cinar.CMS.DesktopEditor", "Cinar.CMS.DesktopEditor\Cinar.CMS.DesktopEditor.csproj", "{6F5EFDAF-B7BE-4DFB-B427-E9A3C11CBAF4}"
EndProject
Project("{2150E333-8FDC-42A3-9474-1A3956D46DE8}") = "CMS", "CMS", "{96DDEACF-BA67-4365-B228-15AD87A55D57}"
EndProject
Project("{2150E333-8FDC-42A3-9474-1A3956D46DE8}") = "DataAccess", "DataAccess", "{709FF8E8-1BF4-4DFF-A8C6-798B97F71FDE}"
EndProject
Project("{2150E333-8FDC-42A3-9474-1A3956D46DE8}") = "Utility", "Utility", "{339E4F78-F806-4DAC-9955-22E6C112F9F1}"
EndProject
Project("{2150E333-8FDC-42A3-9474-1A3956D46DE8}") = "Windows", "Windows", "{394A9FD7-7816-4C53-8365-E29AA1B43CAA}"
EndProject
Project("{2150E333-8FDC-42A3-9474-1A3956D46DE8}") = "QueueJobs", "QueueJobs", "{D2C5325C-6888-49BC-AAE9-2A137645A9A6}"
EndProject
Project("{FAE04EC0-301F-11D3-BF4B-00C04F79EFBC}") = "Cinar.QueueJobs.UI", "Cinar.QueueJobs.UI\Cinar.QueueJobs.UI.csproj", "{83D016DC-662F-4401-B6F4-395EB3BCDD9F}"
EndProject
Project("{FAE04EC0-301F-11D3-BF4B-00C04F79EFBC}") = "Cinar.QueueJobs.Entities", "Cinar.QueueJobs.Entities\Cinar.QueueJobs.Entities.csproj", "{1D5320C9-691F-4B60-8E22-333FB8E587A9}"
EndProject
Project("{2150E333-8FDC-42A3-9474-1A3956D46DE8}") = "Test", "Test", "{3DF4B372-C28D-4EA1-9DFD-A675C775B441}"
EndProject
Project("{FAE04EC0-301F-11D3-BF4B-00C04F79EFBC}") = "Cinar.QueueJobs.Test", "Cinar.QueueJobs.Test\Cinar.QueueJobs.Test.csproj", "{FBC7BFC4-38F4-421C-B7C8-1F6680C34067}"
EndProject
Project("{E24C65DC-7377-472B-9ABA-BC803B73C61A}") = "hazar.org", "http://localhost:59008", "{41A9AD70-7427-404C-B4E2-DB9919A2E2C9}"
	ProjectSection(WebsiteProperties) = preProject
		UseIISExpress = "true"
		TargetFrameworkMoniker = ".NETFramework,Version%3Dv4.0"
		ProjectReferences = "{97bee0df-85db-4265-a5a7-c8c11b9c9322}|Cinar.CMS.Library.dll;{E9B26A78-06FF-4D79-9C37-D4198DF126EB}|Cinar.Common.dll;{AF6CB4F3-3A42-49B1-90CA-03310EFAE89B}|Cinar.Extensions.dll;{6727C03B-4CF9-4670-B2EC-63FACFBE5DFA}|Cinar.Database.dll;{E5AA23F7-818D-4D36-B2D3-EF8E4D60C01A}|Cinar.POP3.dll;{D33BDA95-9E9B-4B97-BF2A-B3520D8928F3}|Cinar.Scripting.dll;"
		Debug.AspNetCompiler.VirtualPath = "/localhost_59008"
		Debug.AspNetCompiler.PhysicalPath = "H:\www\hazar.org\"
		Debug.AspNetCompiler.TargetPath = "PrecompiledWeb\localhost_59008\"
		Debug.AspNetCompiler.Updateable = "true"
		Debug.AspNetCompiler.ForceOverwrite = "true"
		Debug.AspNetCompiler.FixedNames = "false"
		Debug.AspNetCompiler.Debug = "True"
		Release.AspNetCompiler.VirtualPath = "/localhost_59008"
		Release.AspNetCompiler.PhysicalPath = "H:\www\hazar.org\"
		Release.AspNetCompiler.TargetPath = "PrecompiledWeb\localhost_59008\"
		Release.AspNetCompiler.Updateable = "true"
		Release.AspNetCompiler.ForceOverwrite = "true"
		Release.AspNetCompiler.FixedNames = "false"
		Release.AspNetCompiler.Debug = "False"
		SlnRelativePath = "H:\www\hazar.org\"
	EndProjectSection
EndProject
Global
	GlobalSection(SolutionConfigurationPlatforms) = preSolution
		Debug|Any CPU = Debug|Any CPU
		Debug|Mixed Platforms = Debug|Mixed Platforms
		Debug|x64 = Debug|x64
		Debug|x86 = Debug|x86
		development|Any CPU = development|Any CPU
		development|Mixed Platforms = development|Mixed Platforms
		development|x64 = development|x64
		development|x86 = development|x86
		Release|Any CPU = Release|Any CPU
		Release|Mixed Platforms = Release|Mixed Platforms
		Release|x64 = Release|x64
		Release|x86 = Release|x86
		Release64|Any CPU = Release64|Any CPU
		Release64|Mixed Platforms = Release64|Mixed Platforms
		Release64|x64 = Release64|x64
		Release64|x86 = Release64|x86
	EndGlobalSection
	GlobalSection(ProjectConfigurationPlatforms) = postSolution
		{6727C03B-4CF9-4670-B2EC-63FACFBE5DFA}.Debug|Any CPU.ActiveCfg = Debug|Any CPU
		{6727C03B-4CF9-4670-B2EC-63FACFBE5DFA}.Debug|Any CPU.Build.0 = Debug|Any CPU
		{6727C03B-4CF9-4670-B2EC-63FACFBE5DFA}.Debug|Mixed Platforms.ActiveCfg = Debug|Any CPU
		{6727C03B-4CF9-4670-B2EC-63FACFBE5DFA}.Debug|Mixed Platforms.Build.0 = Debug|Any CPU
		{6727C03B-4CF9-4670-B2EC-63FACFBE5DFA}.Debug|x64.ActiveCfg = Debug|Any CPU
		{6727C03B-4CF9-4670-B2EC-63FACFBE5DFA}.Debug|x86.ActiveCfg = Debug|Any CPU
		{6727C03B-4CF9-4670-B2EC-63FACFBE5DFA}.development|Any CPU.ActiveCfg = Debug|Any CPU
		{6727C03B-4CF9-4670-B2EC-63FACFBE5DFA}.development|Any CPU.Build.0 = Debug|Any CPU
		{6727C03B-4CF9-4670-B2EC-63FACFBE5DFA}.development|Mixed Platforms.ActiveCfg = Debug|Any CPU
		{6727C03B-4CF9-4670-B2EC-63FACFBE5DFA}.development|Mixed Platforms.Build.0 = Debug|Any CPU
		{6727C03B-4CF9-4670-B2EC-63FACFBE5DFA}.development|x64.ActiveCfg = Debug|Any CPU
		{6727C03B-4CF9-4670-B2EC-63FACFBE5DFA}.development|x86.ActiveCfg = Debug|Any CPU
		{6727C03B-4CF9-4670-B2EC-63FACFBE5DFA}.Release|Any CPU.ActiveCfg = Release|Any CPU
		{6727C03B-4CF9-4670-B2EC-63FACFBE5DFA}.Release|Any CPU.Build.0 = Release|Any CPU
		{6727C03B-4CF9-4670-B2EC-63FACFBE5DFA}.Release|Mixed Platforms.ActiveCfg = Release|Any CPU
		{6727C03B-4CF9-4670-B2EC-63FACFBE5DFA}.Release|Mixed Platforms.Build.0 = Release|Any CPU
		{6727C03B-4CF9-4670-B2EC-63FACFBE5DFA}.Release|x64.ActiveCfg = Release|Any CPU
		{6727C03B-4CF9-4670-B2EC-63FACFBE5DFA}.Release|x86.ActiveCfg = Release|Any CPU
		{6727C03B-4CF9-4670-B2EC-63FACFBE5DFA}.Release64|Any CPU.ActiveCfg = Release|Any CPU
		{6727C03B-4CF9-4670-B2EC-63FACFBE5DFA}.Release64|Any CPU.Build.0 = Release|Any CPU
		{6727C03B-4CF9-4670-B2EC-63FACFBE5DFA}.Release64|Mixed Platforms.ActiveCfg = Release|Any CPU
		{6727C03B-4CF9-4670-B2EC-63FACFBE5DFA}.Release64|Mixed Platforms.Build.0 = Release|Any CPU
		{6727C03B-4CF9-4670-B2EC-63FACFBE5DFA}.Release64|x64.ActiveCfg = Release|Any CPU
		{6727C03B-4CF9-4670-B2EC-63FACFBE5DFA}.Release64|x86.ActiveCfg = Release|Any CPU
		{047CE3A8-3319-4378-878E-C64F52797409}.Debug|Any CPU.ActiveCfg = Debug|Any CPU
		{047CE3A8-3319-4378-878E-C64F52797409}.Debug|Any CPU.Build.0 = Debug|Any CPU
		{047CE3A8-3319-4378-878E-C64F52797409}.Debug|Mixed Platforms.ActiveCfg = Debug|Any CPU
		{047CE3A8-3319-4378-878E-C64F52797409}.Debug|Mixed Platforms.Build.0 = Debug|Any CPU
		{047CE3A8-3319-4378-878E-C64F52797409}.Debug|x64.ActiveCfg = Debug|Any CPU
		{047CE3A8-3319-4378-878E-C64F52797409}.Debug|x86.ActiveCfg = Debug|Any CPU
		{047CE3A8-3319-4378-878E-C64F52797409}.development|Any CPU.ActiveCfg = Debug|Any CPU
		{047CE3A8-3319-4378-878E-C64F52797409}.development|Any CPU.Build.0 = Debug|Any CPU
		{047CE3A8-3319-4378-878E-C64F52797409}.development|Mixed Platforms.ActiveCfg = Debug|Any CPU
		{047CE3A8-3319-4378-878E-C64F52797409}.development|Mixed Platforms.Build.0 = Debug|Any CPU
		{047CE3A8-3319-4378-878E-C64F52797409}.development|x64.ActiveCfg = Debug|Any CPU
		{047CE3A8-3319-4378-878E-C64F52797409}.development|x86.ActiveCfg = Debug|Any CPU
		{047CE3A8-3319-4378-878E-C64F52797409}.Release|Any CPU.ActiveCfg = Release|Any CPU
		{047CE3A8-3319-4378-878E-C64F52797409}.Release|Any CPU.Build.0 = Release|Any CPU
		{047CE3A8-3319-4378-878E-C64F52797409}.Release|Mixed Platforms.ActiveCfg = Release|Any CPU
		{047CE3A8-3319-4378-878E-C64F52797409}.Release|Mixed Platforms.Build.0 = Release|Any CPU
		{047CE3A8-3319-4378-878E-C64F52797409}.Release|x64.ActiveCfg = Release|Any CPU
		{047CE3A8-3319-4378-878E-C64F52797409}.Release|x86.ActiveCfg = Release|Any CPU
		{047CE3A8-3319-4378-878E-C64F52797409}.Release64|Any CPU.ActiveCfg = Release|Any CPU
		{047CE3A8-3319-4378-878E-C64F52797409}.Release64|Any CPU.Build.0 = Release|Any CPU
		{047CE3A8-3319-4378-878E-C64F52797409}.Release64|Mixed Platforms.ActiveCfg = Release|Any CPU
		{047CE3A8-3319-4378-878E-C64F52797409}.Release64|Mixed Platforms.Build.0 = Release|Any CPU
		{047CE3A8-3319-4378-878E-C64F52797409}.Release64|x64.ActiveCfg = Release|Any CPU
		{047CE3A8-3319-4378-878E-C64F52797409}.Release64|x86.ActiveCfg = Release|Any CPU
		{6A041EA4-3C99-4D22-8E34-30F22392726E}.Debug|Any CPU.ActiveCfg = Debug|Any CPU
		{6A041EA4-3C99-4D22-8E34-30F22392726E}.Debug|Any CPU.Build.0 = Debug|Any CPU
		{6A041EA4-3C99-4D22-8E34-30F22392726E}.Debug|Mixed Platforms.ActiveCfg = Debug|Any CPU
		{6A041EA4-3C99-4D22-8E34-30F22392726E}.Debug|Mixed Platforms.Build.0 = Debug|Any CPU
		{6A041EA4-3C99-4D22-8E34-30F22392726E}.Debug|x64.ActiveCfg = Debug|Any CPU
		{6A041EA4-3C99-4D22-8E34-30F22392726E}.Debug|x86.ActiveCfg = Debug|Any CPU
		{6A041EA4-3C99-4D22-8E34-30F22392726E}.development|Any CPU.ActiveCfg = Debug|Any CPU
		{6A041EA4-3C99-4D22-8E34-30F22392726E}.development|Any CPU.Build.0 = Debug|Any CPU
		{6A041EA4-3C99-4D22-8E34-30F22392726E}.development|Mixed Platforms.ActiveCfg = Debug|Any CPU
		{6A041EA4-3C99-4D22-8E34-30F22392726E}.development|Mixed Platforms.Build.0 = Debug|Any CPU
		{6A041EA4-3C99-4D22-8E34-30F22392726E}.development|x64.ActiveCfg = Debug|Any CPU
		{6A041EA4-3C99-4D22-8E34-30F22392726E}.development|x86.ActiveCfg = Debug|Any CPU
		{6A041EA4-3C99-4D22-8E34-30F22392726E}.Release|Any CPU.ActiveCfg = Release|Any CPU
		{6A041EA4-3C99-4D22-8E34-30F22392726E}.Release|Any CPU.Build.0 = Release|Any CPU
		{6A041EA4-3C99-4D22-8E34-30F22392726E}.Release|Mixed Platforms.ActiveCfg = Release|Any CPU
		{6A041EA4-3C99-4D22-8E34-30F22392726E}.Release|Mixed Platforms.Build.0 = Release|Any CPU
		{6A041EA4-3C99-4D22-8E34-30F22392726E}.Release|x64.ActiveCfg = Release|Any CPU
		{6A041EA4-3C99-4D22-8E34-30F22392726E}.Release|x86.ActiveCfg = Release|Any CPU
		{6A041EA4-3C99-4D22-8E34-30F22392726E}.Release64|Any CPU.ActiveCfg = Release|Any CPU
		{6A041EA4-3C99-4D22-8E34-30F22392726E}.Release64|Any CPU.Build.0 = Release|Any CPU
		{6A041EA4-3C99-4D22-8E34-30F22392726E}.Release64|Mixed Platforms.ActiveCfg = Release|Any CPU
		{6A041EA4-3C99-4D22-8E34-30F22392726E}.Release64|Mixed Platforms.Build.0 = Release|Any CPU
		{6A041EA4-3C99-4D22-8E34-30F22392726E}.Release64|x64.ActiveCfg = Release|Any CPU
		{6A041EA4-3C99-4D22-8E34-30F22392726E}.Release64|x86.ActiveCfg = Release|Any CPU
		{4D1F4DCA-8D81-4274-B784-B0A5C372D2C9}.Debug|Any CPU.ActiveCfg = Debug|Any CPU
		{4D1F4DCA-8D81-4274-B784-B0A5C372D2C9}.Debug|Any CPU.Build.0 = Debug|Any CPU
		{4D1F4DCA-8D81-4274-B784-B0A5C372D2C9}.Debug|Mixed Platforms.ActiveCfg = Debug|Any CPU
		{4D1F4DCA-8D81-4274-B784-B0A5C372D2C9}.Debug|Mixed Platforms.Build.0 = Debug|Any CPU
		{4D1F4DCA-8D81-4274-B784-B0A5C372D2C9}.Debug|x64.ActiveCfg = Debug|Any CPU
		{4D1F4DCA-8D81-4274-B784-B0A5C372D2C9}.Debug|x86.ActiveCfg = Debug|Any CPU
		{4D1F4DCA-8D81-4274-B784-B0A5C372D2C9}.development|Any CPU.ActiveCfg = Debug|Any CPU
		{4D1F4DCA-8D81-4274-B784-B0A5C372D2C9}.development|Any CPU.Build.0 = Debug|Any CPU
		{4D1F4DCA-8D81-4274-B784-B0A5C372D2C9}.development|Mixed Platforms.ActiveCfg = Debug|Any CPU
		{4D1F4DCA-8D81-4274-B784-B0A5C372D2C9}.development|Mixed Platforms.Build.0 = Debug|Any CPU
		{4D1F4DCA-8D81-4274-B784-B0A5C372D2C9}.development|x64.ActiveCfg = Debug|Any CPU
		{4D1F4DCA-8D81-4274-B784-B0A5C372D2C9}.development|x86.ActiveCfg = Debug|Any CPU
		{4D1F4DCA-8D81-4274-B784-B0A5C372D2C9}.Release|Any CPU.ActiveCfg = Release|Any CPU
		{4D1F4DCA-8D81-4274-B784-B0A5C372D2C9}.Release|Any CPU.Build.0 = Release|Any CPU
		{4D1F4DCA-8D81-4274-B784-B0A5C372D2C9}.Release|Mixed Platforms.ActiveCfg = Release|Any CPU
		{4D1F4DCA-8D81-4274-B784-B0A5C372D2C9}.Release|Mixed Platforms.Build.0 = Release|Any CPU
		{4D1F4DCA-8D81-4274-B784-B0A5C372D2C9}.Release|x64.ActiveCfg = Release|Any CPU
		{4D1F4DCA-8D81-4274-B784-B0A5C372D2C9}.Release|x86.ActiveCfg = Release|Any CPU
		{4D1F4DCA-8D81-4274-B784-B0A5C372D2C9}.Release64|Any CPU.ActiveCfg = Release|Any CPU
		{4D1F4DCA-8D81-4274-B784-B0A5C372D2C9}.Release64|Any CPU.Build.0 = Release|Any CPU
		{4D1F4DCA-8D81-4274-B784-B0A5C372D2C9}.Release64|Mixed Platforms.ActiveCfg = Release|Any CPU
		{4D1F4DCA-8D81-4274-B784-B0A5C372D2C9}.Release64|Mixed Platforms.Build.0 = Release|Any CPU
		{4D1F4DCA-8D81-4274-B784-B0A5C372D2C9}.Release64|x64.ActiveCfg = Release|Any CPU
		{4D1F4DCA-8D81-4274-B784-B0A5C372D2C9}.Release64|x86.ActiveCfg = Release|Any CPU
		{D33BDA95-9E9B-4B97-BF2A-B3520D8928F3}.Debug|Any CPU.ActiveCfg = Debug|Any CPU
		{D33BDA95-9E9B-4B97-BF2A-B3520D8928F3}.Debug|Any CPU.Build.0 = Debug|Any CPU
		{D33BDA95-9E9B-4B97-BF2A-B3520D8928F3}.Debug|Mixed Platforms.ActiveCfg = Debug|Any CPU
		{D33BDA95-9E9B-4B97-BF2A-B3520D8928F3}.Debug|Mixed Platforms.Build.0 = Debug|Any CPU
		{D33BDA95-9E9B-4B97-BF2A-B3520D8928F3}.Debug|x64.ActiveCfg = Debug|Any CPU
		{D33BDA95-9E9B-4B97-BF2A-B3520D8928F3}.Debug|x86.ActiveCfg = Debug|Any CPU
		{D33BDA95-9E9B-4B97-BF2A-B3520D8928F3}.development|Any CPU.ActiveCfg = Debug|Any CPU
		{D33BDA95-9E9B-4B97-BF2A-B3520D8928F3}.development|Any CPU.Build.0 = Debug|Any CPU
		{D33BDA95-9E9B-4B97-BF2A-B3520D8928F3}.development|Mixed Platforms.ActiveCfg = Debug|Any CPU
		{D33BDA95-9E9B-4B97-BF2A-B3520D8928F3}.development|Mixed Platforms.Build.0 = Debug|Any CPU
		{D33BDA95-9E9B-4B97-BF2A-B3520D8928F3}.development|x64.ActiveCfg = Debug|Any CPU
		{D33BDA95-9E9B-4B97-BF2A-B3520D8928F3}.development|x86.ActiveCfg = Debug|Any CPU
		{D33BDA95-9E9B-4B97-BF2A-B3520D8928F3}.Release|Any CPU.ActiveCfg = Release|Any CPU
		{D33BDA95-9E9B-4B97-BF2A-B3520D8928F3}.Release|Any CPU.Build.0 = Release|Any CPU
		{D33BDA95-9E9B-4B97-BF2A-B3520D8928F3}.Release|Mixed Platforms.ActiveCfg = Release|Any CPU
		{D33BDA95-9E9B-4B97-BF2A-B3520D8928F3}.Release|Mixed Platforms.Build.0 = Release|Any CPU
		{D33BDA95-9E9B-4B97-BF2A-B3520D8928F3}.Release|x64.ActiveCfg = Release|Any CPU
		{D33BDA95-9E9B-4B97-BF2A-B3520D8928F3}.Release|x86.ActiveCfg = Release|Any CPU
		{D33BDA95-9E9B-4B97-BF2A-B3520D8928F3}.Release64|Any CPU.ActiveCfg = Release|Any CPU
		{D33BDA95-9E9B-4B97-BF2A-B3520D8928F3}.Release64|Any CPU.Build.0 = Release|Any CPU
		{D33BDA95-9E9B-4B97-BF2A-B3520D8928F3}.Release64|Mixed Platforms.ActiveCfg = Release|Any CPU
		{D33BDA95-9E9B-4B97-BF2A-B3520D8928F3}.Release64|Mixed Platforms.Build.0 = Release|Any CPU
		{D33BDA95-9E9B-4B97-BF2A-B3520D8928F3}.Release64|x64.ActiveCfg = Release|Any CPU
		{D33BDA95-9E9B-4B97-BF2A-B3520D8928F3}.Release64|x86.ActiveCfg = Release|Any CPU
		{49A279B1-198B-4605-91D4-481A42286AE0}.Debug|Any CPU.ActiveCfg = Debug|Any CPU
		{49A279B1-198B-4605-91D4-481A42286AE0}.Debug|Any CPU.Build.0 = Debug|Any CPU
		{49A279B1-198B-4605-91D4-481A42286AE0}.Debug|Mixed Platforms.ActiveCfg = Debug|Any CPU
		{49A279B1-198B-4605-91D4-481A42286AE0}.Debug|Mixed Platforms.Build.0 = Debug|Any CPU
		{49A279B1-198B-4605-91D4-481A42286AE0}.Debug|x64.ActiveCfg = Debug|Any CPU
		{49A279B1-198B-4605-91D4-481A42286AE0}.Debug|x86.ActiveCfg = Debug|Any CPU
		{49A279B1-198B-4605-91D4-481A42286AE0}.development|Any CPU.ActiveCfg = Debug|Any CPU
		{49A279B1-198B-4605-91D4-481A42286AE0}.development|Any CPU.Build.0 = Debug|Any CPU
		{49A279B1-198B-4605-91D4-481A42286AE0}.development|Mixed Platforms.ActiveCfg = Debug|Any CPU
		{49A279B1-198B-4605-91D4-481A42286AE0}.development|Mixed Platforms.Build.0 = Debug|Any CPU
		{49A279B1-198B-4605-91D4-481A42286AE0}.development|x64.ActiveCfg = Debug|Any CPU
		{49A279B1-198B-4605-91D4-481A42286AE0}.development|x86.ActiveCfg = Debug|Any CPU
		{49A279B1-198B-4605-91D4-481A42286AE0}.Release|Any CPU.ActiveCfg = Release|Any CPU
		{49A279B1-198B-4605-91D4-481A42286AE0}.Release|Any CPU.Build.0 = Release|Any CPU
		{49A279B1-198B-4605-91D4-481A42286AE0}.Release|Mixed Platforms.ActiveCfg = Release|Any CPU
		{49A279B1-198B-4605-91D4-481A42286AE0}.Release|Mixed Platforms.Build.0 = Release|Any CPU
		{49A279B1-198B-4605-91D4-481A42286AE0}.Release|x64.ActiveCfg = Release|Any CPU
		{49A279B1-198B-4605-91D4-481A42286AE0}.Release|x86.ActiveCfg = Release|Any CPU
		{49A279B1-198B-4605-91D4-481A42286AE0}.Release64|Any CPU.ActiveCfg = Release|Any CPU
		{49A279B1-198B-4605-91D4-481A42286AE0}.Release64|Any CPU.Build.0 = Release|Any CPU
		{49A279B1-198B-4605-91D4-481A42286AE0}.Release64|Mixed Platforms.ActiveCfg = Release|Any CPU
		{49A279B1-198B-4605-91D4-481A42286AE0}.Release64|Mixed Platforms.Build.0 = Release|Any CPU
		{49A279B1-198B-4605-91D4-481A42286AE0}.Release64|x64.ActiveCfg = Release|Any CPU
		{49A279B1-198B-4605-91D4-481A42286AE0}.Release64|x86.ActiveCfg = Release|Any CPU
		{90107230-692B-4EEF-9308-31D954AE722E}.Debug|Any CPU.ActiveCfg = Debug|Any CPU
		{90107230-692B-4EEF-9308-31D954AE722E}.Debug|Any CPU.Build.0 = Debug|Any CPU
		{90107230-692B-4EEF-9308-31D954AE722E}.Debug|Mixed Platforms.ActiveCfg = Debug|Any CPU
		{90107230-692B-4EEF-9308-31D954AE722E}.Debug|Mixed Platforms.Build.0 = Debug|Any CPU
		{90107230-692B-4EEF-9308-31D954AE722E}.Debug|x64.ActiveCfg = Debug|Any CPU
		{90107230-692B-4EEF-9308-31D954AE722E}.Debug|x86.ActiveCfg = Debug|Any CPU
		{90107230-692B-4EEF-9308-31D954AE722E}.development|Any CPU.ActiveCfg = Debug|Any CPU
		{90107230-692B-4EEF-9308-31D954AE722E}.development|Any CPU.Build.0 = Debug|Any CPU
		{90107230-692B-4EEF-9308-31D954AE722E}.development|Mixed Platforms.ActiveCfg = Debug|Any CPU
		{90107230-692B-4EEF-9308-31D954AE722E}.development|Mixed Platforms.Build.0 = Debug|Any CPU
		{90107230-692B-4EEF-9308-31D954AE722E}.development|x64.ActiveCfg = Debug|Any CPU
		{90107230-692B-4EEF-9308-31D954AE722E}.development|x86.ActiveCfg = Debug|Any CPU
		{90107230-692B-4EEF-9308-31D954AE722E}.Release|Any CPU.ActiveCfg = Release|Any CPU
		{90107230-692B-4EEF-9308-31D954AE722E}.Release|Any CPU.Build.0 = Release|Any CPU
		{90107230-692B-4EEF-9308-31D954AE722E}.Release|Mixed Platforms.ActiveCfg = Release|Any CPU
		{90107230-692B-4EEF-9308-31D954AE722E}.Release|Mixed Platforms.Build.0 = Release|Any CPU
		{90107230-692B-4EEF-9308-31D954AE722E}.Release|x64.ActiveCfg = Release|Any CPU
		{90107230-692B-4EEF-9308-31D954AE722E}.Release|x86.ActiveCfg = Release|Any CPU
		{90107230-692B-4EEF-9308-31D954AE722E}.Release64|Any CPU.ActiveCfg = Release|Any CPU
		{90107230-692B-4EEF-9308-31D954AE722E}.Release64|Any CPU.Build.0 = Release|Any CPU
		{90107230-692B-4EEF-9308-31D954AE722E}.Release64|Mixed Platforms.ActiveCfg = Release|Any CPU
		{90107230-692B-4EEF-9308-31D954AE722E}.Release64|Mixed Platforms.Build.0 = Release|Any CPU
		{90107230-692B-4EEF-9308-31D954AE722E}.Release64|x64.ActiveCfg = Release|Any CPU
		{90107230-692B-4EEF-9308-31D954AE722E}.Release64|x86.ActiveCfg = Release|Any CPU
		{AF6CB4F3-3A42-49B1-90CA-03310EFAE89B}.Debug|Any CPU.ActiveCfg = Debug|Any CPU
		{AF6CB4F3-3A42-49B1-90CA-03310EFAE89B}.Debug|Any CPU.Build.0 = Debug|Any CPU
		{AF6CB4F3-3A42-49B1-90CA-03310EFAE89B}.Debug|Mixed Platforms.ActiveCfg = Debug|Any CPU
		{AF6CB4F3-3A42-49B1-90CA-03310EFAE89B}.Debug|Mixed Platforms.Build.0 = Debug|Any CPU
		{AF6CB4F3-3A42-49B1-90CA-03310EFAE89B}.Debug|x64.ActiveCfg = Debug|Any CPU
		{AF6CB4F3-3A42-49B1-90CA-03310EFAE89B}.Debug|x86.ActiveCfg = Debug|Any CPU
		{AF6CB4F3-3A42-49B1-90CA-03310EFAE89B}.development|Any CPU.ActiveCfg = Debug|Any CPU
		{AF6CB4F3-3A42-49B1-90CA-03310EFAE89B}.development|Any CPU.Build.0 = Debug|Any CPU
		{AF6CB4F3-3A42-49B1-90CA-03310EFAE89B}.development|Mixed Platforms.ActiveCfg = Debug|Any CPU
		{AF6CB4F3-3A42-49B1-90CA-03310EFAE89B}.development|Mixed Platforms.Build.0 = Debug|Any CPU
		{AF6CB4F3-3A42-49B1-90CA-03310EFAE89B}.development|x64.ActiveCfg = Debug|Any CPU
		{AF6CB4F3-3A42-49B1-90CA-03310EFAE89B}.development|x86.ActiveCfg = Debug|Any CPU
		{AF6CB4F3-3A42-49B1-90CA-03310EFAE89B}.Release|Any CPU.ActiveCfg = Release|Any CPU
		{AF6CB4F3-3A42-49B1-90CA-03310EFAE89B}.Release|Any CPU.Build.0 = Release|Any CPU
		{AF6CB4F3-3A42-49B1-90CA-03310EFAE89B}.Release|Mixed Platforms.ActiveCfg = Release|Any CPU
		{AF6CB4F3-3A42-49B1-90CA-03310EFAE89B}.Release|Mixed Platforms.Build.0 = Release|Any CPU
		{AF6CB4F3-3A42-49B1-90CA-03310EFAE89B}.Release|x64.ActiveCfg = Release|Any CPU
		{AF6CB4F3-3A42-49B1-90CA-03310EFAE89B}.Release|x86.ActiveCfg = Release|Any CPU
		{AF6CB4F3-3A42-49B1-90CA-03310EFAE89B}.Release64|Any CPU.ActiveCfg = Release|Any CPU
		{AF6CB4F3-3A42-49B1-90CA-03310EFAE89B}.Release64|Any CPU.Build.0 = Release|Any CPU
		{AF6CB4F3-3A42-49B1-90CA-03310EFAE89B}.Release64|Mixed Platforms.ActiveCfg = Release|Any CPU
		{AF6CB4F3-3A42-49B1-90CA-03310EFAE89B}.Release64|Mixed Platforms.Build.0 = Release|Any CPU
		{AF6CB4F3-3A42-49B1-90CA-03310EFAE89B}.Release64|x64.ActiveCfg = Release|Any CPU
		{AF6CB4F3-3A42-49B1-90CA-03310EFAE89B}.Release64|x86.ActiveCfg = Release|Any CPU
		{1CEAEC92-9FC0-4FF5-9E53-147E1BCF6247}.Debug|Any CPU.ActiveCfg = Debug|Any CPU
		{1CEAEC92-9FC0-4FF5-9E53-147E1BCF6247}.Debug|Any CPU.Build.0 = Debug|Any CPU
		{1CEAEC92-9FC0-4FF5-9E53-147E1BCF6247}.Debug|Mixed Platforms.ActiveCfg = Debug|Any CPU
		{1CEAEC92-9FC0-4FF5-9E53-147E1BCF6247}.Debug|Mixed Platforms.Build.0 = Debug|Any CPU
		{1CEAEC92-9FC0-4FF5-9E53-147E1BCF6247}.Debug|x64.ActiveCfg = Debug|Any CPU
		{1CEAEC92-9FC0-4FF5-9E53-147E1BCF6247}.Debug|x86.ActiveCfg = Debug|Any CPU
		{1CEAEC92-9FC0-4FF5-9E53-147E1BCF6247}.development|Any CPU.ActiveCfg = Debug|Any CPU
		{1CEAEC92-9FC0-4FF5-9E53-147E1BCF6247}.development|Any CPU.Build.0 = Debug|Any CPU
		{1CEAEC92-9FC0-4FF5-9E53-147E1BCF6247}.development|Mixed Platforms.ActiveCfg = Debug|Any CPU
		{1CEAEC92-9FC0-4FF5-9E53-147E1BCF6247}.development|Mixed Platforms.Build.0 = Debug|Any CPU
		{1CEAEC92-9FC0-4FF5-9E53-147E1BCF6247}.development|x64.ActiveCfg = Debug|Any CPU
		{1CEAEC92-9FC0-4FF5-9E53-147E1BCF6247}.development|x86.ActiveCfg = Debug|Any CPU
		{1CEAEC92-9FC0-4FF5-9E53-147E1BCF6247}.Release|Any CPU.ActiveCfg = Release|Any CPU
		{1CEAEC92-9FC0-4FF5-9E53-147E1BCF6247}.Release|Any CPU.Build.0 = Release|Any CPU
		{1CEAEC92-9FC0-4FF5-9E53-147E1BCF6247}.Release|Mixed Platforms.ActiveCfg = Release|Any CPU
		{1CEAEC92-9FC0-4FF5-9E53-147E1BCF6247}.Release|Mixed Platforms.Build.0 = Release|Any CPU
		{1CEAEC92-9FC0-4FF5-9E53-147E1BCF6247}.Release|x64.ActiveCfg = Release|Any CPU
		{1CEAEC92-9FC0-4FF5-9E53-147E1BCF6247}.Release|x86.ActiveCfg = Release|Any CPU
		{1CEAEC92-9FC0-4FF5-9E53-147E1BCF6247}.Release64|Any CPU.ActiveCfg = Release|Any CPU
		{1CEAEC92-9FC0-4FF5-9E53-147E1BCF6247}.Release64|Any CPU.Build.0 = Release|Any CPU
		{1CEAEC92-9FC0-4FF5-9E53-147E1BCF6247}.Release64|Mixed Platforms.ActiveCfg = Release|Any CPU
		{1CEAEC92-9FC0-4FF5-9E53-147E1BCF6247}.Release64|Mixed Platforms.Build.0 = Release|Any CPU
		{1CEAEC92-9FC0-4FF5-9E53-147E1BCF6247}.Release64|x64.ActiveCfg = Release|Any CPU
		{1CEAEC92-9FC0-4FF5-9E53-147E1BCF6247}.Release64|x86.ActiveCfg = Release|Any CPU
		{7328F6C9-3133-4560-A6A4-895E0C0A7EFE}.Debug|Any CPU.ActiveCfg = Debug|Any CPU
		{7328F6C9-3133-4560-A6A4-895E0C0A7EFE}.Debug|Any CPU.Build.0 = Debug|Any CPU
		{7328F6C9-3133-4560-A6A4-895E0C0A7EFE}.Debug|Mixed Platforms.ActiveCfg = Debug|Any CPU
		{7328F6C9-3133-4560-A6A4-895E0C0A7EFE}.Debug|Mixed Platforms.Build.0 = Debug|Any CPU
		{7328F6C9-3133-4560-A6A4-895E0C0A7EFE}.Debug|x64.ActiveCfg = Debug|Any CPU
		{7328F6C9-3133-4560-A6A4-895E0C0A7EFE}.Debug|x86.ActiveCfg = Debug|Any CPU
		{7328F6C9-3133-4560-A6A4-895E0C0A7EFE}.development|Any CPU.ActiveCfg = Debug|Any CPU
		{7328F6C9-3133-4560-A6A4-895E0C0A7EFE}.development|Any CPU.Build.0 = Debug|Any CPU
		{7328F6C9-3133-4560-A6A4-895E0C0A7EFE}.development|Mixed Platforms.ActiveCfg = Debug|Any CPU
		{7328F6C9-3133-4560-A6A4-895E0C0A7EFE}.development|Mixed Platforms.Build.0 = Debug|Any CPU
		{7328F6C9-3133-4560-A6A4-895E0C0A7EFE}.development|x64.ActiveCfg = Debug|Any CPU
		{7328F6C9-3133-4560-A6A4-895E0C0A7EFE}.development|x86.ActiveCfg = Debug|Any CPU
		{7328F6C9-3133-4560-A6A4-895E0C0A7EFE}.Release|Any CPU.ActiveCfg = Release|Any CPU
		{7328F6C9-3133-4560-A6A4-895E0C0A7EFE}.Release|Any CPU.Build.0 = Release|Any CPU
		{7328F6C9-3133-4560-A6A4-895E0C0A7EFE}.Release|Mixed Platforms.ActiveCfg = Release|Any CPU
		{7328F6C9-3133-4560-A6A4-895E0C0A7EFE}.Release|Mixed Platforms.Build.0 = Release|Any CPU
		{7328F6C9-3133-4560-A6A4-895E0C0A7EFE}.Release|x64.ActiveCfg = Release|Any CPU
		{7328F6C9-3133-4560-A6A4-895E0C0A7EFE}.Release|x86.ActiveCfg = Release|Any CPU
		{7328F6C9-3133-4560-A6A4-895E0C0A7EFE}.Release64|Any CPU.ActiveCfg = Release|Any CPU
		{7328F6C9-3133-4560-A6A4-895E0C0A7EFE}.Release64|Any CPU.Build.0 = Release|Any CPU
		{7328F6C9-3133-4560-A6A4-895E0C0A7EFE}.Release64|Mixed Platforms.ActiveCfg = Release|Any CPU
		{7328F6C9-3133-4560-A6A4-895E0C0A7EFE}.Release64|Mixed Platforms.Build.0 = Release|Any CPU
		{7328F6C9-3133-4560-A6A4-895E0C0A7EFE}.Release64|x64.ActiveCfg = Release|Any CPU
		{7328F6C9-3133-4560-A6A4-895E0C0A7EFE}.Release64|x86.ActiveCfg = Release|Any CPU
		{B14DD74F-5FAA-4042-8B9F-106C4118C883}.Debug|Any CPU.ActiveCfg = Debug|Any CPU
		{B14DD74F-5FAA-4042-8B9F-106C4118C883}.Debug|Any CPU.Build.0 = Debug|Any CPU
		{B14DD74F-5FAA-4042-8B9F-106C4118C883}.Debug|Mixed Platforms.ActiveCfg = Debug|Any CPU
		{B14DD74F-5FAA-4042-8B9F-106C4118C883}.Debug|Mixed Platforms.Build.0 = Debug|Any CPU
		{B14DD74F-5FAA-4042-8B9F-106C4118C883}.Debug|x64.ActiveCfg = Debug|Any CPU
		{B14DD74F-5FAA-4042-8B9F-106C4118C883}.Debug|x86.ActiveCfg = Debug|Any CPU
		{B14DD74F-5FAA-4042-8B9F-106C4118C883}.development|Any CPU.ActiveCfg = Debug|Any CPU
		{B14DD74F-5FAA-4042-8B9F-106C4118C883}.development|Any CPU.Build.0 = Debug|Any CPU
		{B14DD74F-5FAA-4042-8B9F-106C4118C883}.development|Mixed Platforms.ActiveCfg = Debug|Any CPU
		{B14DD74F-5FAA-4042-8B9F-106C4118C883}.development|Mixed Platforms.Build.0 = Debug|Any CPU
		{B14DD74F-5FAA-4042-8B9F-106C4118C883}.development|x64.ActiveCfg = Debug|Any CPU
		{B14DD74F-5FAA-4042-8B9F-106C4118C883}.development|x86.ActiveCfg = Debug|Any CPU
		{B14DD74F-5FAA-4042-8B9F-106C4118C883}.Release|Any CPU.ActiveCfg = Release|Any CPU
		{B14DD74F-5FAA-4042-8B9F-106C4118C883}.Release|Any CPU.Build.0 = Release|Any CPU
		{B14DD74F-5FAA-4042-8B9F-106C4118C883}.Release|Mixed Platforms.ActiveCfg = Release|Any CPU
		{B14DD74F-5FAA-4042-8B9F-106C4118C883}.Release|Mixed Platforms.Build.0 = Release|Any CPU
		{B14DD74F-5FAA-4042-8B9F-106C4118C883}.Release|x64.ActiveCfg = Release|Any CPU
		{B14DD74F-5FAA-4042-8B9F-106C4118C883}.Release|x86.ActiveCfg = Release|Any CPU
		{B14DD74F-5FAA-4042-8B9F-106C4118C883}.Release64|Any CPU.ActiveCfg = Release|Any CPU
		{B14DD74F-5FAA-4042-8B9F-106C4118C883}.Release64|Any CPU.Build.0 = Release|Any CPU
		{B14DD74F-5FAA-4042-8B9F-106C4118C883}.Release64|Mixed Platforms.ActiveCfg = Release|Any CPU
		{B14DD74F-5FAA-4042-8B9F-106C4118C883}.Release64|Mixed Platforms.Build.0 = Release|Any CPU
		{B14DD74F-5FAA-4042-8B9F-106C4118C883}.Release64|x64.ActiveCfg = Release|Any CPU
		{B14DD74F-5FAA-4042-8B9F-106C4118C883}.Release64|x86.ActiveCfg = Release|Any CPU
		{AD8B5868-89FE-4E7A-B38D-A08E2AF3CDEC}.Debug|Any CPU.ActiveCfg = Debug|Any CPU
		{AD8B5868-89FE-4E7A-B38D-A08E2AF3CDEC}.Debug|Any CPU.Build.0 = Debug|Any CPU
		{AD8B5868-89FE-4E7A-B38D-A08E2AF3CDEC}.Debug|Mixed Platforms.ActiveCfg = Debug|Any CPU
		{AD8B5868-89FE-4E7A-B38D-A08E2AF3CDEC}.Debug|Mixed Platforms.Build.0 = Debug|Any CPU
		{AD8B5868-89FE-4E7A-B38D-A08E2AF3CDEC}.Debug|x64.ActiveCfg = Debug|Any CPU
		{AD8B5868-89FE-4E7A-B38D-A08E2AF3CDEC}.Debug|x86.ActiveCfg = Debug|Any CPU
		{AD8B5868-89FE-4E7A-B38D-A08E2AF3CDEC}.development|Any CPU.ActiveCfg = Debug|Any CPU
		{AD8B5868-89FE-4E7A-B38D-A08E2AF3CDEC}.development|Any CPU.Build.0 = Debug|Any CPU
		{AD8B5868-89FE-4E7A-B38D-A08E2AF3CDEC}.development|Mixed Platforms.ActiveCfg = Debug|Any CPU
		{AD8B5868-89FE-4E7A-B38D-A08E2AF3CDEC}.development|Mixed Platforms.Build.0 = Debug|Any CPU
		{AD8B5868-89FE-4E7A-B38D-A08E2AF3CDEC}.development|x64.ActiveCfg = Debug|Any CPU
		{AD8B5868-89FE-4E7A-B38D-A08E2AF3CDEC}.development|x86.ActiveCfg = Debug|Any CPU
		{AD8B5868-89FE-4E7A-B38D-A08E2AF3CDEC}.Release|Any CPU.ActiveCfg = Release|Any CPU
		{AD8B5868-89FE-4E7A-B38D-A08E2AF3CDEC}.Release|Any CPU.Build.0 = Release|Any CPU
		{AD8B5868-89FE-4E7A-B38D-A08E2AF3CDEC}.Release|Mixed Platforms.ActiveCfg = Release|Any CPU
		{AD8B5868-89FE-4E7A-B38D-A08E2AF3CDEC}.Release|Mixed Platforms.Build.0 = Release|Any CPU
		{AD8B5868-89FE-4E7A-B38D-A08E2AF3CDEC}.Release|x64.ActiveCfg = Release|Any CPU
		{AD8B5868-89FE-4E7A-B38D-A08E2AF3CDEC}.Release|x86.ActiveCfg = Release|Any CPU
		{AD8B5868-89FE-4E7A-B38D-A08E2AF3CDEC}.Release64|Any CPU.ActiveCfg = Release|Any CPU
		{AD8B5868-89FE-4E7A-B38D-A08E2AF3CDEC}.Release64|Any CPU.Build.0 = Release|Any CPU
		{AD8B5868-89FE-4E7A-B38D-A08E2AF3CDEC}.Release64|Mixed Platforms.ActiveCfg = Release|Any CPU
		{AD8B5868-89FE-4E7A-B38D-A08E2AF3CDEC}.Release64|Mixed Platforms.Build.0 = Release|Any CPU
		{AD8B5868-89FE-4E7A-B38D-A08E2AF3CDEC}.Release64|x64.ActiveCfg = Release|Any CPU
		{AD8B5868-89FE-4E7A-B38D-A08E2AF3CDEC}.Release64|x86.ActiveCfg = Release|Any CPU
		{5EC4EB1E-BE93-4460-B231-CC7DCBFFD40D}.Debug|Any CPU.ActiveCfg = Debug|Any CPU
		{5EC4EB1E-BE93-4460-B231-CC7DCBFFD40D}.Debug|Any CPU.Build.0 = Debug|Any CPU
		{5EC4EB1E-BE93-4460-B231-CC7DCBFFD40D}.Debug|Mixed Platforms.ActiveCfg = Debug|Any CPU
		{5EC4EB1E-BE93-4460-B231-CC7DCBFFD40D}.Debug|Mixed Platforms.Build.0 = Debug|Any CPU
		{5EC4EB1E-BE93-4460-B231-CC7DCBFFD40D}.Debug|x64.ActiveCfg = Debug|Any CPU
		{5EC4EB1E-BE93-4460-B231-CC7DCBFFD40D}.Debug|x86.ActiveCfg = Debug|Any CPU
		{5EC4EB1E-BE93-4460-B231-CC7DCBFFD40D}.development|Any CPU.ActiveCfg = Debug|Any CPU
		{5EC4EB1E-BE93-4460-B231-CC7DCBFFD40D}.development|Any CPU.Build.0 = Debug|Any CPU
		{5EC4EB1E-BE93-4460-B231-CC7DCBFFD40D}.development|Mixed Platforms.ActiveCfg = Debug|Any CPU
		{5EC4EB1E-BE93-4460-B231-CC7DCBFFD40D}.development|Mixed Platforms.Build.0 = Debug|Any CPU
		{5EC4EB1E-BE93-4460-B231-CC7DCBFFD40D}.development|x64.ActiveCfg = Debug|Any CPU
		{5EC4EB1E-BE93-4460-B231-CC7DCBFFD40D}.development|x86.ActiveCfg = Debug|Any CPU
		{5EC4EB1E-BE93-4460-B231-CC7DCBFFD40D}.Release|Any CPU.ActiveCfg = Release|Any CPU
		{5EC4EB1E-BE93-4460-B231-CC7DCBFFD40D}.Release|Any CPU.Build.0 = Release|Any CPU
		{5EC4EB1E-BE93-4460-B231-CC7DCBFFD40D}.Release|Mixed Platforms.ActiveCfg = Release|Any CPU
		{5EC4EB1E-BE93-4460-B231-CC7DCBFFD40D}.Release|Mixed Platforms.Build.0 = Release|Any CPU
		{5EC4EB1E-BE93-4460-B231-CC7DCBFFD40D}.Release|x64.ActiveCfg = Release|Any CPU
		{5EC4EB1E-BE93-4460-B231-CC7DCBFFD40D}.Release|x86.ActiveCfg = Release|Any CPU
		{5EC4EB1E-BE93-4460-B231-CC7DCBFFD40D}.Release64|Any CPU.ActiveCfg = Release|Any CPU
		{5EC4EB1E-BE93-4460-B231-CC7DCBFFD40D}.Release64|Any CPU.Build.0 = Release|Any CPU
		{5EC4EB1E-BE93-4460-B231-CC7DCBFFD40D}.Release64|Mixed Platforms.ActiveCfg = Release|Any CPU
		{5EC4EB1E-BE93-4460-B231-CC7DCBFFD40D}.Release64|Mixed Platforms.Build.0 = Release|Any CPU
		{5EC4EB1E-BE93-4460-B231-CC7DCBFFD40D}.Release64|x64.ActiveCfg = Release|Any CPU
		{5EC4EB1E-BE93-4460-B231-CC7DCBFFD40D}.Release64|x86.ActiveCfg = Release|Any CPU
		{A47AB431-1671-4574-97F9-854CA5046E51}.Debug|Any CPU.ActiveCfg = Debug|Any CPU
		{A47AB431-1671-4574-97F9-854CA5046E51}.Debug|Any CPU.Build.0 = Debug|Any CPU
		{A47AB431-1671-4574-97F9-854CA5046E51}.Debug|Mixed Platforms.ActiveCfg = Debug|Any CPU
		{A47AB431-1671-4574-97F9-854CA5046E51}.Debug|Mixed Platforms.Build.0 = Debug|Any CPU
		{A47AB431-1671-4574-97F9-854CA5046E51}.Debug|x64.ActiveCfg = Debug|Any CPU
		{A47AB431-1671-4574-97F9-854CA5046E51}.Debug|x86.ActiveCfg = Debug|Any CPU
		{A47AB431-1671-4574-97F9-854CA5046E51}.development|Any CPU.ActiveCfg = Debug|Any CPU
		{A47AB431-1671-4574-97F9-854CA5046E51}.development|Any CPU.Build.0 = Debug|Any CPU
		{A47AB431-1671-4574-97F9-854CA5046E51}.development|Mixed Platforms.ActiveCfg = Debug|Any CPU
		{A47AB431-1671-4574-97F9-854CA5046E51}.development|Mixed Platforms.Build.0 = Debug|Any CPU
		{A47AB431-1671-4574-97F9-854CA5046E51}.development|x64.ActiveCfg = Debug|Any CPU
		{A47AB431-1671-4574-97F9-854CA5046E51}.development|x86.ActiveCfg = Debug|Any CPU
		{A47AB431-1671-4574-97F9-854CA5046E51}.Release|Any CPU.ActiveCfg = Release|Any CPU
		{A47AB431-1671-4574-97F9-854CA5046E51}.Release|Any CPU.Build.0 = Release|Any CPU
		{A47AB431-1671-4574-97F9-854CA5046E51}.Release|Mixed Platforms.ActiveCfg = Release|Any CPU
		{A47AB431-1671-4574-97F9-854CA5046E51}.Release|Mixed Platforms.Build.0 = Release|Any CPU
		{A47AB431-1671-4574-97F9-854CA5046E51}.Release|x64.ActiveCfg = Release|Any CPU
		{A47AB431-1671-4574-97F9-854CA5046E51}.Release|x86.ActiveCfg = Release|Any CPU
		{A47AB431-1671-4574-97F9-854CA5046E51}.Release64|Any CPU.ActiveCfg = Release|Any CPU
		{A47AB431-1671-4574-97F9-854CA5046E51}.Release64|Any CPU.Build.0 = Release|Any CPU
		{A47AB431-1671-4574-97F9-854CA5046E51}.Release64|Mixed Platforms.ActiveCfg = Release|Any CPU
		{A47AB431-1671-4574-97F9-854CA5046E51}.Release64|Mixed Platforms.Build.0 = Release|Any CPU
		{A47AB431-1671-4574-97F9-854CA5046E51}.Release64|x64.ActiveCfg = Release|Any CPU
		{A47AB431-1671-4574-97F9-854CA5046E51}.Release64|x86.ActiveCfg = Release|Any CPU
		{E5AA23F7-818D-4D36-B2D3-EF8E4D60C01A}.Debug|Any CPU.ActiveCfg = Debug|Any CPU
		{E5AA23F7-818D-4D36-B2D3-EF8E4D60C01A}.Debug|Any CPU.Build.0 = Debug|Any CPU
		{E5AA23F7-818D-4D36-B2D3-EF8E4D60C01A}.Debug|Mixed Platforms.ActiveCfg = Debug|Any CPU
		{E5AA23F7-818D-4D36-B2D3-EF8E4D60C01A}.Debug|Mixed Platforms.Build.0 = Debug|Any CPU
		{E5AA23F7-818D-4D36-B2D3-EF8E4D60C01A}.Debug|x64.ActiveCfg = Debug|Any CPU
		{E5AA23F7-818D-4D36-B2D3-EF8E4D60C01A}.Debug|x86.ActiveCfg = Debug|Any CPU
		{E5AA23F7-818D-4D36-B2D3-EF8E4D60C01A}.development|Any CPU.ActiveCfg = Debug|Any CPU
		{E5AA23F7-818D-4D36-B2D3-EF8E4D60C01A}.development|Any CPU.Build.0 = Debug|Any CPU
		{E5AA23F7-818D-4D36-B2D3-EF8E4D60C01A}.development|Mixed Platforms.ActiveCfg = Debug|Any CPU
		{E5AA23F7-818D-4D36-B2D3-EF8E4D60C01A}.development|Mixed Platforms.Build.0 = Debug|Any CPU
		{E5AA23F7-818D-4D36-B2D3-EF8E4D60C01A}.development|x64.ActiveCfg = Debug|Any CPU
		{E5AA23F7-818D-4D36-B2D3-EF8E4D60C01A}.development|x86.ActiveCfg = Debug|Any CPU
		{E5AA23F7-818D-4D36-B2D3-EF8E4D60C01A}.Release|Any CPU.ActiveCfg = Release|Any CPU
		{E5AA23F7-818D-4D36-B2D3-EF8E4D60C01A}.Release|Any CPU.Build.0 = Release|Any CPU
		{E5AA23F7-818D-4D36-B2D3-EF8E4D60C01A}.Release|Mixed Platforms.ActiveCfg = Release|Any CPU
		{E5AA23F7-818D-4D36-B2D3-EF8E4D60C01A}.Release|Mixed Platforms.Build.0 = Release|Any CPU
		{E5AA23F7-818D-4D36-B2D3-EF8E4D60C01A}.Release|x64.ActiveCfg = Release|Any CPU
		{E5AA23F7-818D-4D36-B2D3-EF8E4D60C01A}.Release|x86.ActiveCfg = Release|Any CPU
		{E5AA23F7-818D-4D36-B2D3-EF8E4D60C01A}.Release64|Any CPU.ActiveCfg = Release|Any CPU
		{E5AA23F7-818D-4D36-B2D3-EF8E4D60C01A}.Release64|Any CPU.Build.0 = Release|Any CPU
		{E5AA23F7-818D-4D36-B2D3-EF8E4D60C01A}.Release64|Mixed Platforms.ActiveCfg = Release|Any CPU
		{E5AA23F7-818D-4D36-B2D3-EF8E4D60C01A}.Release64|Mixed Platforms.Build.0 = Release|Any CPU
		{E5AA23F7-818D-4D36-B2D3-EF8E4D60C01A}.Release64|x64.ActiveCfg = Release|Any CPU
		{E5AA23F7-818D-4D36-B2D3-EF8E4D60C01A}.Release64|x86.ActiveCfg = Release|Any CPU
		{73C0D1FF-4C20-4EA1-9224-A461AD0AF249}.Debug|Any CPU.ActiveCfg = Debug|Any CPU
		{73C0D1FF-4C20-4EA1-9224-A461AD0AF249}.Debug|Any CPU.Build.0 = Debug|Any CPU
		{73C0D1FF-4C20-4EA1-9224-A461AD0AF249}.Debug|Mixed Platforms.ActiveCfg = Debug|Any CPU
		{73C0D1FF-4C20-4EA1-9224-A461AD0AF249}.Debug|Mixed Platforms.Build.0 = Debug|Any CPU
		{73C0D1FF-4C20-4EA1-9224-A461AD0AF249}.Debug|x64.ActiveCfg = Debug|Any CPU
		{73C0D1FF-4C20-4EA1-9224-A461AD0AF249}.Debug|x86.ActiveCfg = Debug|Any CPU
		{73C0D1FF-4C20-4EA1-9224-A461AD0AF249}.development|Any CPU.ActiveCfg = Debug|Any CPU
		{73C0D1FF-4C20-4EA1-9224-A461AD0AF249}.development|Any CPU.Build.0 = Debug|Any CPU
		{73C0D1FF-4C20-4EA1-9224-A461AD0AF249}.development|Mixed Platforms.ActiveCfg = Debug|Any CPU
		{73C0D1FF-4C20-4EA1-9224-A461AD0AF249}.development|Mixed Platforms.Build.0 = Debug|Any CPU
		{73C0D1FF-4C20-4EA1-9224-A461AD0AF249}.development|x64.ActiveCfg = Debug|Any CPU
		{73C0D1FF-4C20-4EA1-9224-A461AD0AF249}.development|x86.ActiveCfg = Debug|Any CPU
		{73C0D1FF-4C20-4EA1-9224-A461AD0AF249}.Release|Any CPU.ActiveCfg = Release|Any CPU
		{73C0D1FF-4C20-4EA1-9224-A461AD0AF249}.Release|Any CPU.Build.0 = Release|Any CPU
		{73C0D1FF-4C20-4EA1-9224-A461AD0AF249}.Release|Mixed Platforms.ActiveCfg = Release|Any CPU
		{73C0D1FF-4C20-4EA1-9224-A461AD0AF249}.Release|Mixed Platforms.Build.0 = Release|Any CPU
		{73C0D1FF-4C20-4EA1-9224-A461AD0AF249}.Release|x64.ActiveCfg = Release|Any CPU
		{73C0D1FF-4C20-4EA1-9224-A461AD0AF249}.Release|x86.ActiveCfg = Release|Any CPU
		{73C0D1FF-4C20-4EA1-9224-A461AD0AF249}.Release64|Any CPU.ActiveCfg = Release|Any CPU
		{73C0D1FF-4C20-4EA1-9224-A461AD0AF249}.Release64|Any CPU.Build.0 = Release|Any CPU
		{73C0D1FF-4C20-4EA1-9224-A461AD0AF249}.Release64|Mixed Platforms.ActiveCfg = Release|Any CPU
		{73C0D1FF-4C20-4EA1-9224-A461AD0AF249}.Release64|Mixed Platforms.Build.0 = Release|Any CPU
		{73C0D1FF-4C20-4EA1-9224-A461AD0AF249}.Release64|x64.ActiveCfg = Release|Any CPU
		{73C0D1FF-4C20-4EA1-9224-A461AD0AF249}.Release64|x86.ActiveCfg = Release|Any CPU
		{E9B26A78-06FF-4D79-9C37-D4198DF126EB}.Debug|Any CPU.ActiveCfg = Debug|Any CPU
		{E9B26A78-06FF-4D79-9C37-D4198DF126EB}.Debug|Any CPU.Build.0 = Debug|Any CPU
		{E9B26A78-06FF-4D79-9C37-D4198DF126EB}.Debug|Mixed Platforms.ActiveCfg = Debug|Any CPU
		{E9B26A78-06FF-4D79-9C37-D4198DF126EB}.Debug|Mixed Platforms.Build.0 = Debug|Any CPU
		{E9B26A78-06FF-4D79-9C37-D4198DF126EB}.Debug|x64.ActiveCfg = Debug|Any CPU
		{E9B26A78-06FF-4D79-9C37-D4198DF126EB}.Debug|x86.ActiveCfg = Debug|Any CPU
		{E9B26A78-06FF-4D79-9C37-D4198DF126EB}.development|Any CPU.ActiveCfg = Debug|Any CPU
		{E9B26A78-06FF-4D79-9C37-D4198DF126EB}.development|Any CPU.Build.0 = Debug|Any CPU
		{E9B26A78-06FF-4D79-9C37-D4198DF126EB}.development|Mixed Platforms.ActiveCfg = Debug|Any CPU
		{E9B26A78-06FF-4D79-9C37-D4198DF126EB}.development|Mixed Platforms.Build.0 = Debug|Any CPU
		{E9B26A78-06FF-4D79-9C37-D4198DF126EB}.development|x64.ActiveCfg = Debug|Any CPU
		{E9B26A78-06FF-4D79-9C37-D4198DF126EB}.development|x86.ActiveCfg = Debug|Any CPU
		{E9B26A78-06FF-4D79-9C37-D4198DF126EB}.Release|Any CPU.ActiveCfg = Release|Any CPU
		{E9B26A78-06FF-4D79-9C37-D4198DF126EB}.Release|Any CPU.Build.0 = Release|Any CPU
		{E9B26A78-06FF-4D79-9C37-D4198DF126EB}.Release|Mixed Platforms.ActiveCfg = Release|Any CPU
		{E9B26A78-06FF-4D79-9C37-D4198DF126EB}.Release|Mixed Platforms.Build.0 = Release|Any CPU
		{E9B26A78-06FF-4D79-9C37-D4198DF126EB}.Release|x64.ActiveCfg = Release|Any CPU
		{E9B26A78-06FF-4D79-9C37-D4198DF126EB}.Release|x86.ActiveCfg = Release|Any CPU
		{E9B26A78-06FF-4D79-9C37-D4198DF126EB}.Release64|Any CPU.ActiveCfg = Release|Any CPU
		{E9B26A78-06FF-4D79-9C37-D4198DF126EB}.Release64|Any CPU.Build.0 = Release|Any CPU
		{E9B26A78-06FF-4D79-9C37-D4198DF126EB}.Release64|Mixed Platforms.ActiveCfg = Release|Any CPU
		{E9B26A78-06FF-4D79-9C37-D4198DF126EB}.Release64|Mixed Platforms.Build.0 = Release|Any CPU
		{E9B26A78-06FF-4D79-9C37-D4198DF126EB}.Release64|x64.ActiveCfg = Release|Any CPU
		{E9B26A78-06FF-4D79-9C37-D4198DF126EB}.Release64|x86.ActiveCfg = Release|Any CPU
		{503A444F-2A33-4CC5-BBAD-7440F1BF3916}.Debug|Any CPU.ActiveCfg = Debug|Any CPU
		{503A444F-2A33-4CC5-BBAD-7440F1BF3916}.Debug|Any CPU.Build.0 = Debug|Any CPU
		{503A444F-2A33-4CC5-BBAD-7440F1BF3916}.Debug|Mixed Platforms.ActiveCfg = Debug|Any CPU
		{503A444F-2A33-4CC5-BBAD-7440F1BF3916}.Debug|Mixed Platforms.Build.0 = Debug|Any CPU
		{503A444F-2A33-4CC5-BBAD-7440F1BF3916}.Debug|x64.ActiveCfg = Debug|Any CPU
		{503A444F-2A33-4CC5-BBAD-7440F1BF3916}.Debug|x86.ActiveCfg = Debug|Any CPU
		{503A444F-2A33-4CC5-BBAD-7440F1BF3916}.development|Any CPU.ActiveCfg = Debug|Any CPU
		{503A444F-2A33-4CC5-BBAD-7440F1BF3916}.development|Any CPU.Build.0 = Debug|Any CPU
		{503A444F-2A33-4CC5-BBAD-7440F1BF3916}.development|Mixed Platforms.ActiveCfg = Debug|Any CPU
		{503A444F-2A33-4CC5-BBAD-7440F1BF3916}.development|Mixed Platforms.Build.0 = Debug|Any CPU
		{503A444F-2A33-4CC5-BBAD-7440F1BF3916}.development|x64.ActiveCfg = Debug|Any CPU
		{503A444F-2A33-4CC5-BBAD-7440F1BF3916}.development|x86.ActiveCfg = Debug|Any CPU
		{503A444F-2A33-4CC5-BBAD-7440F1BF3916}.Release|Any CPU.ActiveCfg = Release|Any CPU
		{503A444F-2A33-4CC5-BBAD-7440F1BF3916}.Release|Any CPU.Build.0 = Release|Any CPU
		{503A444F-2A33-4CC5-BBAD-7440F1BF3916}.Release|Mixed Platforms.ActiveCfg = Release|Any CPU
		{503A444F-2A33-4CC5-BBAD-7440F1BF3916}.Release|Mixed Platforms.Build.0 = Release|Any CPU
		{503A444F-2A33-4CC5-BBAD-7440F1BF3916}.Release|x64.ActiveCfg = Release|Any CPU
		{503A444F-2A33-4CC5-BBAD-7440F1BF3916}.Release|x86.ActiveCfg = Release|Any CPU
		{503A444F-2A33-4CC5-BBAD-7440F1BF3916}.Release64|Any CPU.ActiveCfg = Release|Any CPU
		{503A444F-2A33-4CC5-BBAD-7440F1BF3916}.Release64|Any CPU.Build.0 = Release|Any CPU
		{503A444F-2A33-4CC5-BBAD-7440F1BF3916}.Release64|Mixed Platforms.ActiveCfg = Release|Any CPU
		{503A444F-2A33-4CC5-BBAD-7440F1BF3916}.Release64|Mixed Platforms.Build.0 = Release|Any CPU
		{503A444F-2A33-4CC5-BBAD-7440F1BF3916}.Release64|x64.ActiveCfg = Release|Any CPU
		{503A444F-2A33-4CC5-BBAD-7440F1BF3916}.Release64|x86.ActiveCfg = Release|Any CPU
		{97BEE0DF-85DB-4265-A5A7-C8C11B9C9322}.Debug|Any CPU.ActiveCfg = Debug|Any CPU
		{97BEE0DF-85DB-4265-A5A7-C8C11B9C9322}.Debug|Any CPU.Build.0 = Debug|Any CPU
		{97BEE0DF-85DB-4265-A5A7-C8C11B9C9322}.Debug|Mixed Platforms.ActiveCfg = Debug|Any CPU
		{97BEE0DF-85DB-4265-A5A7-C8C11B9C9322}.Debug|Mixed Platforms.Build.0 = Debug|Any CPU
		{97BEE0DF-85DB-4265-A5A7-C8C11B9C9322}.Debug|x64.ActiveCfg = Debug|Any CPU
		{97BEE0DF-85DB-4265-A5A7-C8C11B9C9322}.Debug|x86.ActiveCfg = Debug|Any CPU
		{97BEE0DF-85DB-4265-A5A7-C8C11B9C9322}.development|Any CPU.ActiveCfg = Debug|Any CPU
		{97BEE0DF-85DB-4265-A5A7-C8C11B9C9322}.development|Any CPU.Build.0 = Debug|Any CPU
		{97BEE0DF-85DB-4265-A5A7-C8C11B9C9322}.development|Mixed Platforms.ActiveCfg = Debug|Any CPU
		{97BEE0DF-85DB-4265-A5A7-C8C11B9C9322}.development|Mixed Platforms.Build.0 = Debug|Any CPU
		{97BEE0DF-85DB-4265-A5A7-C8C11B9C9322}.development|x64.ActiveCfg = Debug|Any CPU
		{97BEE0DF-85DB-4265-A5A7-C8C11B9C9322}.development|x86.ActiveCfg = Debug|Any CPU
		{97BEE0DF-85DB-4265-A5A7-C8C11B9C9322}.Release|Any CPU.ActiveCfg = Release|Any CPU
		{97BEE0DF-85DB-4265-A5A7-C8C11B9C9322}.Release|Any CPU.Build.0 = Release|Any CPU
		{97BEE0DF-85DB-4265-A5A7-C8C11B9C9322}.Release|Mixed Platforms.ActiveCfg = Release|Any CPU
		{97BEE0DF-85DB-4265-A5A7-C8C11B9C9322}.Release|Mixed Platforms.Build.0 = Release|Any CPU
		{97BEE0DF-85DB-4265-A5A7-C8C11B9C9322}.Release|x64.ActiveCfg = Release|Any CPU
		{97BEE0DF-85DB-4265-A5A7-C8C11B9C9322}.Release|x86.ActiveCfg = Release|Any CPU
		{97BEE0DF-85DB-4265-A5A7-C8C11B9C9322}.Release64|Any CPU.ActiveCfg = Release|Any CPU
		{97BEE0DF-85DB-4265-A5A7-C8C11B9C9322}.Release64|Any CPU.Build.0 = Release|Any CPU
		{97BEE0DF-85DB-4265-A5A7-C8C11B9C9322}.Release64|Mixed Platforms.ActiveCfg = Release|Any CPU
		{97BEE0DF-85DB-4265-A5A7-C8C11B9C9322}.Release64|Mixed Platforms.Build.0 = Release|Any CPU
		{97BEE0DF-85DB-4265-A5A7-C8C11B9C9322}.Release64|x64.ActiveCfg = Release|Any CPU
		{97BEE0DF-85DB-4265-A5A7-C8C11B9C9322}.Release64|x86.ActiveCfg = Release|Any CPU
		{20591669-C8ED-46C3-A2B8-24E4CBAAAD48}.Debug|Any CPU.ActiveCfg = Debug|Any CPU
		{20591669-C8ED-46C3-A2B8-24E4CBAAAD48}.Debug|Any CPU.Build.0 = Debug|Any CPU
		{20591669-C8ED-46C3-A2B8-24E4CBAAAD48}.Debug|Mixed Platforms.ActiveCfg = Debug|Any CPU
		{20591669-C8ED-46C3-A2B8-24E4CBAAAD48}.Debug|Mixed Platforms.Build.0 = Debug|Any CPU
		{20591669-C8ED-46C3-A2B8-24E4CBAAAD48}.Debug|x64.ActiveCfg = Debug|Any CPU
		{20591669-C8ED-46C3-A2B8-24E4CBAAAD48}.Debug|x86.ActiveCfg = Debug|Any CPU
		{20591669-C8ED-46C3-A2B8-24E4CBAAAD48}.development|Any CPU.ActiveCfg = Debug|Any CPU
		{20591669-C8ED-46C3-A2B8-24E4CBAAAD48}.development|Any CPU.Build.0 = Debug|Any CPU
		{20591669-C8ED-46C3-A2B8-24E4CBAAAD48}.development|Mixed Platforms.ActiveCfg = Debug|Any CPU
		{20591669-C8ED-46C3-A2B8-24E4CBAAAD48}.development|Mixed Platforms.Build.0 = Debug|Any CPU
		{20591669-C8ED-46C3-A2B8-24E4CBAAAD48}.development|x64.ActiveCfg = Debug|Any CPU
		{20591669-C8ED-46C3-A2B8-24E4CBAAAD48}.development|x86.ActiveCfg = Debug|Any CPU
		{20591669-C8ED-46C3-A2B8-24E4CBAAAD48}.Release|Any CPU.ActiveCfg = Debug|Any CPU
		{20591669-C8ED-46C3-A2B8-24E4CBAAAD48}.Release|Any CPU.Build.0 = Debug|Any CPU
		{20591669-C8ED-46C3-A2B8-24E4CBAAAD48}.Release|Mixed Platforms.ActiveCfg = Debug|Any CPU
		{20591669-C8ED-46C3-A2B8-24E4CBAAAD48}.Release|Mixed Platforms.Build.0 = Debug|Any CPU
		{20591669-C8ED-46C3-A2B8-24E4CBAAAD48}.Release|x64.ActiveCfg = Debug|Any CPU
		{20591669-C8ED-46C3-A2B8-24E4CBAAAD48}.Release|x86.ActiveCfg = Debug|Any CPU
		{20591669-C8ED-46C3-A2B8-24E4CBAAAD48}.Release64|Any CPU.ActiveCfg = Debug|Any CPU
		{20591669-C8ED-46C3-A2B8-24E4CBAAAD48}.Release64|Any CPU.Build.0 = Debug|Any CPU
		{20591669-C8ED-46C3-A2B8-24E4CBAAAD48}.Release64|Mixed Platforms.ActiveCfg = Debug|Any CPU
		{20591669-C8ED-46C3-A2B8-24E4CBAAAD48}.Release64|Mixed Platforms.Build.0 = Debug|Any CPU
		{20591669-C8ED-46C3-A2B8-24E4CBAAAD48}.Release64|x64.ActiveCfg = Debug|Any CPU
		{20591669-C8ED-46C3-A2B8-24E4CBAAAD48}.Release64|x86.ActiveCfg = Debug|Any CPU
		{4564B11B-7171-4DD3-8E7A-1941F67DC9F8}.Debug|Any CPU.ActiveCfg = Debug|x86
		{4564B11B-7171-4DD3-8E7A-1941F67DC9F8}.Debug|Mixed Platforms.ActiveCfg = Debug|x86
		{4564B11B-7171-4DD3-8E7A-1941F67DC9F8}.Debug|Mixed Platforms.Build.0 = Debug|x86
		{4564B11B-7171-4DD3-8E7A-1941F67DC9F8}.Debug|x64.ActiveCfg = Debug|x86
		{4564B11B-7171-4DD3-8E7A-1941F67DC9F8}.Debug|x86.ActiveCfg = Debug|x86
		{4564B11B-7171-4DD3-8E7A-1941F67DC9F8}.Debug|x86.Build.0 = Debug|x86
		{4564B11B-7171-4DD3-8E7A-1941F67DC9F8}.development|Any CPU.ActiveCfg = Debug|x86
		{4564B11B-7171-4DD3-8E7A-1941F67DC9F8}.development|Mixed Platforms.ActiveCfg = Debug|x86
		{4564B11B-7171-4DD3-8E7A-1941F67DC9F8}.development|Mixed Platforms.Build.0 = Debug|x86
		{4564B11B-7171-4DD3-8E7A-1941F67DC9F8}.development|x64.ActiveCfg = Debug|x86
		{4564B11B-7171-4DD3-8E7A-1941F67DC9F8}.development|x86.ActiveCfg = Debug|x86
		{4564B11B-7171-4DD3-8E7A-1941F67DC9F8}.development|x86.Build.0 = Debug|x86
		{4564B11B-7171-4DD3-8E7A-1941F67DC9F8}.Release|Any CPU.ActiveCfg = Release|x86
		{4564B11B-7171-4DD3-8E7A-1941F67DC9F8}.Release|Mixed Platforms.ActiveCfg = Release|x86
		{4564B11B-7171-4DD3-8E7A-1941F67DC9F8}.Release|Mixed Platforms.Build.0 = Release|x86
		{4564B11B-7171-4DD3-8E7A-1941F67DC9F8}.Release|x64.ActiveCfg = Release|x86
		{4564B11B-7171-4DD3-8E7A-1941F67DC9F8}.Release|x86.ActiveCfg = Release|x86
		{4564B11B-7171-4DD3-8E7A-1941F67DC9F8}.Release|x86.Build.0 = Release|x86
		{4564B11B-7171-4DD3-8E7A-1941F67DC9F8}.Release64|Any CPU.ActiveCfg = Release|x86
		{4564B11B-7171-4DD3-8E7A-1941F67DC9F8}.Release64|Mixed Platforms.ActiveCfg = Release|x86
		{4564B11B-7171-4DD3-8E7A-1941F67DC9F8}.Release64|Mixed Platforms.Build.0 = Release|x86
		{4564B11B-7171-4DD3-8E7A-1941F67DC9F8}.Release64|x64.ActiveCfg = Release|x86
		{4564B11B-7171-4DD3-8E7A-1941F67DC9F8}.Release64|x86.ActiveCfg = Release|x86
		{4564B11B-7171-4DD3-8E7A-1941F67DC9F8}.Release64|x86.Build.0 = Release|x86
		{6F5EFDAF-B7BE-4DFB-B427-E9A3C11CBAF4}.Debug|Any CPU.ActiveCfg = Debug|Any CPU
		{6F5EFDAF-B7BE-4DFB-B427-E9A3C11CBAF4}.Debug|Any CPU.Build.0 = Debug|Any CPU
		{6F5EFDAF-B7BE-4DFB-B427-E9A3C11CBAF4}.Debug|Mixed Platforms.ActiveCfg = Debug|Any CPU
		{6F5EFDAF-B7BE-4DFB-B427-E9A3C11CBAF4}.Debug|Mixed Platforms.Build.0 = Debug|Any CPU
		{6F5EFDAF-B7BE-4DFB-B427-E9A3C11CBAF4}.Debug|x64.ActiveCfg = Debug|Any CPU
		{6F5EFDAF-B7BE-4DFB-B427-E9A3C11CBAF4}.Debug|x86.ActiveCfg = Debug|Any CPU
		{6F5EFDAF-B7BE-4DFB-B427-E9A3C11CBAF4}.development|Any CPU.ActiveCfg = Debug|Any CPU
		{6F5EFDAF-B7BE-4DFB-B427-E9A3C11CBAF4}.development|Any CPU.Build.0 = Debug|Any CPU
		{6F5EFDAF-B7BE-4DFB-B427-E9A3C11CBAF4}.development|Mixed Platforms.ActiveCfg = Debug|Any CPU
		{6F5EFDAF-B7BE-4DFB-B427-E9A3C11CBAF4}.development|Mixed Platforms.Build.0 = Debug|Any CPU
		{6F5EFDAF-B7BE-4DFB-B427-E9A3C11CBAF4}.development|x64.ActiveCfg = Debug|Any CPU
		{6F5EFDAF-B7BE-4DFB-B427-E9A3C11CBAF4}.development|x86.ActiveCfg = Debug|Any CPU
		{6F5EFDAF-B7BE-4DFB-B427-E9A3C11CBAF4}.Release|Any CPU.ActiveCfg = Release|Any CPU
		{6F5EFDAF-B7BE-4DFB-B427-E9A3C11CBAF4}.Release|Any CPU.Build.0 = Release|Any CPU
		{6F5EFDAF-B7BE-4DFB-B427-E9A3C11CBAF4}.Release|Mixed Platforms.ActiveCfg = Release|Any CPU
		{6F5EFDAF-B7BE-4DFB-B427-E9A3C11CBAF4}.Release|Mixed Platforms.Build.0 = Release|Any CPU
		{6F5EFDAF-B7BE-4DFB-B427-E9A3C11CBAF4}.Release|x64.ActiveCfg = Release|Any CPU
		{6F5EFDAF-B7BE-4DFB-B427-E9A3C11CBAF4}.Release|x86.ActiveCfg = Release|Any CPU
		{6F5EFDAF-B7BE-4DFB-B427-E9A3C11CBAF4}.Release64|Any CPU.ActiveCfg = Release|Any CPU
		{6F5EFDAF-B7BE-4DFB-B427-E9A3C11CBAF4}.Release64|Any CPU.Build.0 = Release|Any CPU
		{6F5EFDAF-B7BE-4DFB-B427-E9A3C11CBAF4}.Release64|Mixed Platforms.ActiveCfg = Release|Any CPU
		{6F5EFDAF-B7BE-4DFB-B427-E9A3C11CBAF4}.Release64|Mixed Platforms.Build.0 = Release|Any CPU
		{6F5EFDAF-B7BE-4DFB-B427-E9A3C11CBAF4}.Release64|x64.ActiveCfg = Release|Any CPU
		{6F5EFDAF-B7BE-4DFB-B427-E9A3C11CBAF4}.Release64|x86.ActiveCfg = Release|Any CPU
		{83D016DC-662F-4401-B6F4-395EB3BCDD9F}.Debug|Any CPU.ActiveCfg = Debug|Any CPU
		{83D016DC-662F-4401-B6F4-395EB3BCDD9F}.Debug|Any CPU.Build.0 = Debug|Any CPU
		{83D016DC-662F-4401-B6F4-395EB3BCDD9F}.Debug|Mixed Platforms.ActiveCfg = Debug|Any CPU
		{83D016DC-662F-4401-B6F4-395EB3BCDD9F}.Debug|Mixed Platforms.Build.0 = Debug|Any CPU
		{83D016DC-662F-4401-B6F4-395EB3BCDD9F}.Debug|x64.ActiveCfg = Debug|Any CPU
		{83D016DC-662F-4401-B6F4-395EB3BCDD9F}.Debug|x86.ActiveCfg = Debug|Any CPU
		{83D016DC-662F-4401-B6F4-395EB3BCDD9F}.development|Any CPU.ActiveCfg = Debug|Any CPU
		{83D016DC-662F-4401-B6F4-395EB3BCDD9F}.development|Any CPU.Build.0 = Debug|Any CPU
		{83D016DC-662F-4401-B6F4-395EB3BCDD9F}.development|Mixed Platforms.ActiveCfg = Debug|Any CPU
		{83D016DC-662F-4401-B6F4-395EB3BCDD9F}.development|Mixed Platforms.Build.0 = Debug|Any CPU
		{83D016DC-662F-4401-B6F4-395EB3BCDD9F}.development|x64.ActiveCfg = Debug|Any CPU
		{83D016DC-662F-4401-B6F4-395EB3BCDD9F}.development|x86.ActiveCfg = Debug|Any CPU
		{83D016DC-662F-4401-B6F4-395EB3BCDD9F}.Release|Any CPU.ActiveCfg = Release|Any CPU
		{83D016DC-662F-4401-B6F4-395EB3BCDD9F}.Release|Any CPU.Build.0 = Release|Any CPU
		{83D016DC-662F-4401-B6F4-395EB3BCDD9F}.Release|Mixed Platforms.ActiveCfg = Release|Any CPU
		{83D016DC-662F-4401-B6F4-395EB3BCDD9F}.Release|Mixed Platforms.Build.0 = Release|Any CPU
		{83D016DC-662F-4401-B6F4-395EB3BCDD9F}.Release|x64.ActiveCfg = Release|Any CPU
		{83D016DC-662F-4401-B6F4-395EB3BCDD9F}.Release|x86.ActiveCfg = Release|Any CPU
		{83D016DC-662F-4401-B6F4-395EB3BCDD9F}.Release64|Any CPU.ActiveCfg = Release|Any CPU
		{83D016DC-662F-4401-B6F4-395EB3BCDD9F}.Release64|Any CPU.Build.0 = Release|Any CPU
		{83D016DC-662F-4401-B6F4-395EB3BCDD9F}.Release64|Mixed Platforms.ActiveCfg = Release|Any CPU
		{83D016DC-662F-4401-B6F4-395EB3BCDD9F}.Release64|Mixed Platforms.Build.0 = Release|Any CPU
		{83D016DC-662F-4401-B6F4-395EB3BCDD9F}.Release64|x64.ActiveCfg = Release|Any CPU
		{83D016DC-662F-4401-B6F4-395EB3BCDD9F}.Release64|x86.ActiveCfg = Release|Any CPU
		{1D5320C9-691F-4B60-8E22-333FB8E587A9}.Debug|Any CPU.ActiveCfg = Debug|Any CPU
		{1D5320C9-691F-4B60-8E22-333FB8E587A9}.Debug|Any CPU.Build.0 = Debug|Any CPU
		{1D5320C9-691F-4B60-8E22-333FB8E587A9}.Debug|Mixed Platforms.ActiveCfg = Debug|Any CPU
		{1D5320C9-691F-4B60-8E22-333FB8E587A9}.Debug|Mixed Platforms.Build.0 = Debug|Any CPU
		{1D5320C9-691F-4B60-8E22-333FB8E587A9}.Debug|x64.ActiveCfg = Debug|Any CPU
		{1D5320C9-691F-4B60-8E22-333FB8E587A9}.Debug|x86.ActiveCfg = Debug|Any CPU
		{1D5320C9-691F-4B60-8E22-333FB8E587A9}.development|Any CPU.ActiveCfg = Debug|Any CPU
		{1D5320C9-691F-4B60-8E22-333FB8E587A9}.development|Any CPU.Build.0 = Debug|Any CPU
		{1D5320C9-691F-4B60-8E22-333FB8E587A9}.development|Mixed Platforms.ActiveCfg = Debug|Any CPU
		{1D5320C9-691F-4B60-8E22-333FB8E587A9}.development|Mixed Platforms.Build.0 = Debug|Any CPU
		{1D5320C9-691F-4B60-8E22-333FB8E587A9}.development|x64.ActiveCfg = Debug|Any CPU
		{1D5320C9-691F-4B60-8E22-333FB8E587A9}.development|x86.ActiveCfg = Debug|Any CPU
		{1D5320C9-691F-4B60-8E22-333FB8E587A9}.Release|Any CPU.ActiveCfg = Release|Any CPU
		{1D5320C9-691F-4B60-8E22-333FB8E587A9}.Release|Any CPU.Build.0 = Release|Any CPU
		{1D5320C9-691F-4B60-8E22-333FB8E587A9}.Release|Mixed Platforms.ActiveCfg = Release|Any CPU
		{1D5320C9-691F-4B60-8E22-333FB8E587A9}.Release|Mixed Platforms.Build.0 = Release|Any CPU
		{1D5320C9-691F-4B60-8E22-333FB8E587A9}.Release|x64.ActiveCfg = Release|Any CPU
		{1D5320C9-691F-4B60-8E22-333FB8E587A9}.Release|x86.ActiveCfg = Release|Any CPU
		{1D5320C9-691F-4B60-8E22-333FB8E587A9}.Release64|Any CPU.ActiveCfg = Release|Any CPU
		{1D5320C9-691F-4B60-8E22-333FB8E587A9}.Release64|Any CPU.Build.0 = Release|Any CPU
		{1D5320C9-691F-4B60-8E22-333FB8E587A9}.Release64|Mixed Platforms.ActiveCfg = Release|Any CPU
		{1D5320C9-691F-4B60-8E22-333FB8E587A9}.Release64|Mixed Platforms.Build.0 = Release|Any CPU
		{1D5320C9-691F-4B60-8E22-333FB8E587A9}.Release64|x64.ActiveCfg = Release|Any CPU
		{1D5320C9-691F-4B60-8E22-333FB8E587A9}.Release64|x86.ActiveCfg = Release|Any CPU
		{FBC7BFC4-38F4-421C-B7C8-1F6680C34067}.Debug|Any CPU.ActiveCfg = Debug|Any CPU
		{FBC7BFC4-38F4-421C-B7C8-1F6680C34067}.Debug|Any CPU.Build.0 = Debug|Any CPU
		{FBC7BFC4-38F4-421C-B7C8-1F6680C34067}.Debug|Mixed Platforms.ActiveCfg = Debug|Any CPU
		{FBC7BFC4-38F4-421C-B7C8-1F6680C34067}.Debug|Mixed Platforms.Build.0 = Debug|Any CPU
		{FBC7BFC4-38F4-421C-B7C8-1F6680C34067}.Debug|x64.ActiveCfg = Debug|Any CPU
		{FBC7BFC4-38F4-421C-B7C8-1F6680C34067}.Debug|x86.ActiveCfg = Debug|Any CPU
		{FBC7BFC4-38F4-421C-B7C8-1F6680C34067}.development|Any CPU.ActiveCfg = Debug|Any CPU
		{FBC7BFC4-38F4-421C-B7C8-1F6680C34067}.development|Any CPU.Build.0 = Debug|Any CPU
		{FBC7BFC4-38F4-421C-B7C8-1F6680C34067}.development|Mixed Platforms.ActiveCfg = Debug|Any CPU
		{FBC7BFC4-38F4-421C-B7C8-1F6680C34067}.development|Mixed Platforms.Build.0 = Debug|Any CPU
		{FBC7BFC4-38F4-421C-B7C8-1F6680C34067}.development|x64.ActiveCfg = Debug|Any CPU
		{FBC7BFC4-38F4-421C-B7C8-1F6680C34067}.development|x86.ActiveCfg = Debug|Any CPU
		{FBC7BFC4-38F4-421C-B7C8-1F6680C34067}.Release|Any CPU.ActiveCfg = Release|Any CPU
		{FBC7BFC4-38F4-421C-B7C8-1F6680C34067}.Release|Any CPU.Build.0 = Release|Any CPU
		{FBC7BFC4-38F4-421C-B7C8-1F6680C34067}.Release|Mixed Platforms.ActiveCfg = Release|Any CPU
		{FBC7BFC4-38F4-421C-B7C8-1F6680C34067}.Release|Mixed Platforms.Build.0 = Release|Any CPU
		{FBC7BFC4-38F4-421C-B7C8-1F6680C34067}.Release|x64.ActiveCfg = Release|Any CPU
		{FBC7BFC4-38F4-421C-B7C8-1F6680C34067}.Release|x86.ActiveCfg = Release|Any CPU
		{FBC7BFC4-38F4-421C-B7C8-1F6680C34067}.Release64|Any CPU.ActiveCfg = Release|Any CPU
		{FBC7BFC4-38F4-421C-B7C8-1F6680C34067}.Release64|Any CPU.Build.0 = Release|Any CPU
		{FBC7BFC4-38F4-421C-B7C8-1F6680C34067}.Release64|Mixed Platforms.ActiveCfg = Release|Any CPU
		{FBC7BFC4-38F4-421C-B7C8-1F6680C34067}.Release64|Mixed Platforms.Build.0 = Release|Any CPU
		{FBC7BFC4-38F4-421C-B7C8-1F6680C34067}.Release64|x64.ActiveCfg = Release|Any CPU
		{FBC7BFC4-38F4-421C-B7C8-1F6680C34067}.Release64|x86.ActiveCfg = Release|Any CPU
		{41A9AD70-7427-404C-B4E2-DB9919A2E2C9}.Debug|Any CPU.ActiveCfg = Debug|Any CPU
		{41A9AD70-7427-404C-B4E2-DB9919A2E2C9}.Debug|Any CPU.Build.0 = Debug|Any CPU
		{41A9AD70-7427-404C-B4E2-DB9919A2E2C9}.Debug|Mixed Platforms.ActiveCfg = Debug|Any CPU
		{41A9AD70-7427-404C-B4E2-DB9919A2E2C9}.Debug|Mixed Platforms.Build.0 = Debug|Any CPU
		{41A9AD70-7427-404C-B4E2-DB9919A2E2C9}.Debug|x64.ActiveCfg = Debug|Any CPU
		{41A9AD70-7427-404C-B4E2-DB9919A2E2C9}.Debug|x86.ActiveCfg = Debug|Any CPU
		{41A9AD70-7427-404C-B4E2-DB9919A2E2C9}.development|Any CPU.ActiveCfg = Debug|Any CPU
		{41A9AD70-7427-404C-B4E2-DB9919A2E2C9}.development|Any CPU.Build.0 = Debug|Any CPU
		{41A9AD70-7427-404C-B4E2-DB9919A2E2C9}.development|Mixed Platforms.ActiveCfg = Debug|Any CPU
		{41A9AD70-7427-404C-B4E2-DB9919A2E2C9}.development|Mixed Platforms.Build.0 = Debug|Any CPU
		{41A9AD70-7427-404C-B4E2-DB9919A2E2C9}.development|x64.ActiveCfg = Debug|Any CPU
		{41A9AD70-7427-404C-B4E2-DB9919A2E2C9}.development|x86.ActiveCfg = Debug|Any CPU
		{41A9AD70-7427-404C-B4E2-DB9919A2E2C9}.Release|Any CPU.ActiveCfg = Debug|Any CPU
		{41A9AD70-7427-404C-B4E2-DB9919A2E2C9}.Release|Any CPU.Build.0 = Debug|Any CPU
		{41A9AD70-7427-404C-B4E2-DB9919A2E2C9}.Release|Mixed Platforms.ActiveCfg = Debug|Any CPU
		{41A9AD70-7427-404C-B4E2-DB9919A2E2C9}.Release|Mixed Platforms.Build.0 = Debug|Any CPU
		{41A9AD70-7427-404C-B4E2-DB9919A2E2C9}.Release|x64.ActiveCfg = Debug|Any CPU
		{41A9AD70-7427-404C-B4E2-DB9919A2E2C9}.Release|x86.ActiveCfg = Debug|Any CPU
		{41A9AD70-7427-404C-B4E2-DB9919A2E2C9}.Release64|Any CPU.ActiveCfg = Debug|Any CPU
		{41A9AD70-7427-404C-B4E2-DB9919A2E2C9}.Release64|Any CPU.Build.0 = Debug|Any CPU
		{41A9AD70-7427-404C-B4E2-DB9919A2E2C9}.Release64|Mixed Platforms.ActiveCfg = Debug|Any CPU
		{41A9AD70-7427-404C-B4E2-DB9919A2E2C9}.Release64|Mixed Platforms.Build.0 = Debug|Any CPU
		{41A9AD70-7427-404C-B4E2-DB9919A2E2C9}.Release64|x64.ActiveCfg = Debug|Any CPU
		{41A9AD70-7427-404C-B4E2-DB9919A2E2C9}.Release64|x86.ActiveCfg = Debug|Any CPU
	EndGlobalSection
	GlobalSection(SolutionProperties) = preSolution
		HideSolutionNode = FALSE
	EndGlobalSection
	GlobalSection(NestedProjects) = preSolution
		{6727C03B-4CF9-4670-B2EC-63FACFBE5DFA} = {709FF8E8-1BF4-4DFF-A8C6-798B97F71FDE}
		{047CE3A8-3319-4378-878E-C64F52797409} = {709FF8E8-1BF4-4DFF-A8C6-798B97F71FDE}
		{6A041EA4-3C99-4D22-8E34-30F22392726E} = {339E4F78-F806-4DAC-9955-22E6C112F9F1}
		{4D1F4DCA-8D81-4274-B784-B0A5C372D2C9} = {339E4F78-F806-4DAC-9955-22E6C112F9F1}
		{D33BDA95-9E9B-4B97-BF2A-B3520D8928F3} = {339E4F78-F806-4DAC-9955-22E6C112F9F1}
		{49A279B1-198B-4605-91D4-481A42286AE0} = {394A9FD7-7816-4C53-8365-E29AA1B43CAA}
		{90107230-692B-4EEF-9308-31D954AE722E} = {339E4F78-F806-4DAC-9955-22E6C112F9F1}
		{AF6CB4F3-3A42-49B1-90CA-03310EFAE89B} = {339E4F78-F806-4DAC-9955-22E6C112F9F1}
		{1CEAEC92-9FC0-4FF5-9E53-147E1BCF6247} = {339E4F78-F806-4DAC-9955-22E6C112F9F1}
		{7328F6C9-3133-4560-A6A4-895E0C0A7EFE} = {394A9FD7-7816-4C53-8365-E29AA1B43CAA}
		{B14DD74F-5FAA-4042-8B9F-106C4118C883} = {394A9FD7-7816-4C53-8365-E29AA1B43CAA}
		{AD8B5868-89FE-4E7A-B38D-A08E2AF3CDEC} = {394A9FD7-7816-4C53-8365-E29AA1B43CAA}
		{5EC4EB1E-BE93-4460-B231-CC7DCBFFD40D} = {339E4F78-F806-4DAC-9955-22E6C112F9F1}
		{A47AB431-1671-4574-97F9-854CA5046E51} = {394A9FD7-7816-4C53-8365-E29AA1B43CAA}
		{E5AA23F7-818D-4D36-B2D3-EF8E4D60C01A} = {339E4F78-F806-4DAC-9955-22E6C112F9F1}
		{73C0D1FF-4C20-4EA1-9224-A461AD0AF249} = {339E4F78-F806-4DAC-9955-22E6C112F9F1}
		{E9B26A78-06FF-4D79-9C37-D4198DF126EB} = {709FF8E8-1BF4-4DFF-A8C6-798B97F71FDE}
		{503A444F-2A33-4CC5-BBAD-7440F1BF3916} = {339E4F78-F806-4DAC-9955-22E6C112F9F1}
		{97BEE0DF-85DB-4265-A5A7-C8C11B9C9322} = {96DDEACF-BA67-4365-B228-15AD87A55D57}
		{20591669-C8ED-46C3-A2B8-24E4CBAAAD48} = {96DDEACF-BA67-4365-B228-15AD87A55D57}
		{4564B11B-7171-4DD3-8E7A-1941F67DC9F8} = {3DF4B372-C28D-4EA1-9DFD-A675C775B441}
		{6F5EFDAF-B7BE-4DFB-B427-E9A3C11CBAF4} = {96DDEACF-BA67-4365-B228-15AD87A55D57}
		{83D016DC-662F-4401-B6F4-395EB3BCDD9F} = {D2C5325C-6888-49BC-AAE9-2A137645A9A6}
		{1D5320C9-691F-4B60-8E22-333FB8E587A9} = {D2C5325C-6888-49BC-AAE9-2A137645A9A6}
		{FBC7BFC4-38F4-421C-B7C8-1F6680C34067} = {D2C5325C-6888-49BC-AAE9-2A137645A9A6}
		{41A9AD70-7427-404C-B4E2-DB9919A2E2C9} = {96DDEACF-BA67-4365-B228-15AD87A55D57}
	EndGlobalSection
EndGlobal
