
Microsoft Visual Studio Solution File, Format Version 10.00
# Visual Studio 2008
Project("{FAE04EC0-301F-11D3-BF4B-00C04F79EFBC}") = "Cinar.Database", "Cinar.Database\Cinar.Database.csproj", "{6727C03B-4CF9-4670-B2EC-63FACFBE5DFA}"
EndProject
Project("{FAE04EC0-301F-11D3-BF4B-00C04F79EFBC}") = "Cinar.DBTools", "Cinar.DBTools\Cinar.DBTools.csproj", "{047CE3A8-3319-4378-878E-C64F52797409}"
EndProject
Project("{FAE04EC0-301F-11D3-BF4B-00C04F79EFBC}") = "Cinar.HTMLParser", "Cinar.HTMLParser\Cinar.HTMLParser.csproj", "{9E8EED96-D3A0-45E9-B15D-72F0DF8BA517}"
EndProject
Project("{FAE04EC0-301F-11D3-BF4B-00C04F79EFBC}") = "Cinar.LocalizationTool", "Cinar.LocalizationTool\Cinar.LocalizationTool.csproj", "{B22726B4-97D9-437F-9314-9DF7F5BCD38A}"
EndProject
Project("{FAE04EC0-301F-11D3-BF4B-00C04F79EFBC}") = "Cinar.RSSReader", "Cinar.RSSReader\Cinar.RSSReader.csproj", "{6A041EA4-3C99-4D22-8E34-30F22392726E}"
EndProject
Project("{FAE04EC0-301F-11D3-BF4B-00C04F79EFBC}") = "Cinar.Scheduler", "Cinar.Scheduler\Cinar.Scheduler.csproj", "{4D1F4DCA-8D81-4274-B784-B0A5C372D2C9}"
EndProject
Project("{FAE04EC0-301F-11D3-BF4B-00C04F79EFBC}") = "Cinar.Scripting", "Cinar.Scripting\Cinar.Scripting.csproj", "{D33BDA95-9E9B-4B97-BF2A-B3520D8928F3}"
EndProject
Project("{FAE04EC0-301F-11D3-BF4B-00C04F79EFBC}") = "Cinar.TemplateDesign", "Cinar.TemplateDesign\Cinar.TemplateDesign.csproj", "{49A279B1-198B-4605-91D4-481A42286AE0}"
EndProject
Project("{FAE04EC0-301F-11D3-BF4B-00C04F79EFBC}") = "Cinar.UICommands", "Cinar.UICommands\Cinar.UICommands.csproj", "{90107230-692B-4EEF-9308-31D954AE722E}"
EndProject
Project("{FAE04EC0-301F-11D3-BF4B-00C04F79EFBC}") = "Cinar.Extensions", "Cinar.Extensions\Cinar.Extensions.csproj", "{AF6CB4F3-3A42-49B1-90CA-03310EFAE89B}"
EndProject
Project("{FAE04EC0-301F-11D3-BF4B-00C04F79EFBC}") = "Cinar.SQLParser", "Cinar.SQLParser\Cinar.SQLParser.csproj", "{AE09D13E-272E-48BF-BB6D-6EE19EA7A4C5}"
EndProject
Project("{FAE04EC0-301F-11D3-BF4B-00C04F79EFBC}") = "Cinar.WebServer", "Cinar.WebServer\Cinar.WebServer.csproj", "{1CEAEC92-9FC0-4FF5-9E53-147E1BCF6247}"
EndProject
Project("{FAE04EC0-301F-11D3-BF4B-00C04F79EFBC}") = "Cinar.WinUI", "Cinar.WinUI\Cinar.WinUI.csproj", "{7328F6C9-3133-4560-A6A4-895E0C0A7EFE}"
EndProject
Project("{FAE04EC0-301F-11D3-BF4B-00C04F79EFBC}") = "Cinar.WinApp", "Cinar.WinApp\Cinar.WinApp.csproj", "{B14DD74F-5FAA-4042-8B9F-106C4118C883}"
EndProject
Project("{FAE04EC0-301F-11D3-BF4B-00C04F79EFBC}") = "Cinar.WinApp.DefaultPlugIn", "Cinar.WinApp.DefaultPlugIn\Cinar.WinApp.DefaultPlugIn.csproj", "{AD8B5868-89FE-4E7A-B38D-A08E2AF3CDEC}"
EndProject
Project("{FAE04EC0-301F-11D3-BF4B-00C04F79EFBC}") = "Cinar.Entities", "Cinar.Entities\Cinar.Entities.csproj", "{5EC4EB1E-BE93-4460-B231-CC7DCBFFD40D}"
EndProject
Project("{FAE04EC0-301F-11D3-BF4B-00C04F79EFBC}") = "Cinar.WinApp.MediaSearch", "Cinar.WinApp.MediaSearch\Cinar.WinApp.MediaSearch.csproj", "{A47AB431-1671-4574-97F9-854CA5046E51}"
EndProject
Global
	GlobalSection(SolutionConfigurationPlatforms) = preSolution
		Debug|Any CPU = Debug|Any CPU
		Debug|x64 = Debug|x64
		Release|Any CPU = Release|Any CPU
		Release|x64 = Release|x64
		Release64|Any CPU = Release64|Any CPU
		Release64|x64 = Release64|x64
	EndGlobalSection
	GlobalSection(ProjectConfigurationPlatforms) = postSolution
		{6727C03B-4CF9-4670-B2EC-63FACFBE5DFA}.Debug|Any CPU.ActiveCfg = Debug|Any CPU
		{6727C03B-4CF9-4670-B2EC-63FACFBE5DFA}.Debug|Any CPU.Build.0 = Debug|Any CPU
		{6727C03B-4CF9-4670-B2EC-63FACFBE5DFA}.Debug|x64.ActiveCfg = Debug|Any CPU
		{6727C03B-4CF9-4670-B2EC-63FACFBE5DFA}.Release|Any CPU.ActiveCfg = Release|Any CPU
		{6727C03B-4CF9-4670-B2EC-63FACFBE5DFA}.Release|Any CPU.Build.0 = Release|Any CPU
		{6727C03B-4CF9-4670-B2EC-63FACFBE5DFA}.Release|x64.ActiveCfg = Release|Any CPU
		{6727C03B-4CF9-4670-B2EC-63FACFBE5DFA}.Release64|Any CPU.ActiveCfg = Release|Any CPU
		{6727C03B-4CF9-4670-B2EC-63FACFBE5DFA}.Release64|Any CPU.Build.0 = Release|Any CPU
		{6727C03B-4CF9-4670-B2EC-63FACFBE5DFA}.Release64|x64.ActiveCfg = Release|Any CPU
		{047CE3A8-3319-4378-878E-C64F52797409}.Debug|Any CPU.ActiveCfg = Debug|Any CPU
		{047CE3A8-3319-4378-878E-C64F52797409}.Debug|Any CPU.Build.0 = Debug|Any CPU
		{047CE3A8-3319-4378-878E-C64F52797409}.Debug|x64.ActiveCfg = Debug|Any CPU
		{047CE3A8-3319-4378-878E-C64F52797409}.Release|Any CPU.ActiveCfg = Release|Any CPU
		{047CE3A8-3319-4378-878E-C64F52797409}.Release|Any CPU.Build.0 = Release|Any CPU
		{047CE3A8-3319-4378-878E-C64F52797409}.Release|x64.ActiveCfg = Release|Any CPU
		{047CE3A8-3319-4378-878E-C64F52797409}.Release64|Any CPU.ActiveCfg = Release|Any CPU
		{047CE3A8-3319-4378-878E-C64F52797409}.Release64|Any CPU.Build.0 = Release|Any CPU
		{047CE3A8-3319-4378-878E-C64F52797409}.Release64|x64.ActiveCfg = Release|Any CPU
		{9E8EED96-D3A0-45E9-B15D-72F0DF8BA517}.Debug|Any CPU.ActiveCfg = Debug|Any CPU
		{9E8EED96-D3A0-45E9-B15D-72F0DF8BA517}.Debug|Any CPU.Build.0 = Debug|Any CPU
		{9E8EED96-D3A0-45E9-B15D-72F0DF8BA517}.Debug|x64.ActiveCfg = Debug|Any CPU
		{9E8EED96-D3A0-45E9-B15D-72F0DF8BA517}.Release|Any CPU.ActiveCfg = Release|Any CPU
		{9E8EED96-D3A0-45E9-B15D-72F0DF8BA517}.Release|Any CPU.Build.0 = Release|Any CPU
		{9E8EED96-D3A0-45E9-B15D-72F0DF8BA517}.Release|x64.ActiveCfg = Release|Any CPU
		{9E8EED96-D3A0-45E9-B15D-72F0DF8BA517}.Release64|Any CPU.ActiveCfg = Release|Any CPU
		{9E8EED96-D3A0-45E9-B15D-72F0DF8BA517}.Release64|Any CPU.Build.0 = Release|Any CPU
		{9E8EED96-D3A0-45E9-B15D-72F0DF8BA517}.Release64|x64.ActiveCfg = Release|Any CPU
		{B22726B4-97D9-437F-9314-9DF7F5BCD38A}.Debug|Any CPU.ActiveCfg = Debug|Any CPU
		{B22726B4-97D9-437F-9314-9DF7F5BCD38A}.Debug|Any CPU.Build.0 = Debug|Any CPU
		{B22726B4-97D9-437F-9314-9DF7F5BCD38A}.Debug|x64.ActiveCfg = Debug|Any CPU
		{B22726B4-97D9-437F-9314-9DF7F5BCD38A}.Release|Any CPU.ActiveCfg = Release|Any CPU
		{B22726B4-97D9-437F-9314-9DF7F5BCD38A}.Release|Any CPU.Build.0 = Release|Any CPU
		{B22726B4-97D9-437F-9314-9DF7F5BCD38A}.Release|x64.ActiveCfg = Release|Any CPU
		{B22726B4-97D9-437F-9314-9DF7F5BCD38A}.Release64|Any CPU.ActiveCfg = Release|Any CPU
		{B22726B4-97D9-437F-9314-9DF7F5BCD38A}.Release64|Any CPU.Build.0 = Release|Any CPU
		{B22726B4-97D9-437F-9314-9DF7F5BCD38A}.Release64|x64.ActiveCfg = Release|Any CPU
		{6A041EA4-3C99-4D22-8E34-30F22392726E}.Debug|Any CPU.ActiveCfg = Debug|Any CPU
		{6A041EA4-3C99-4D22-8E34-30F22392726E}.Debug|Any CPU.Build.0 = Debug|Any CPU
		{6A041EA4-3C99-4D22-8E34-30F22392726E}.Debug|x64.ActiveCfg = Debug|Any CPU
		{6A041EA4-3C99-4D22-8E34-30F22392726E}.Release|Any CPU.ActiveCfg = Release|Any CPU
		{6A041EA4-3C99-4D22-8E34-30F22392726E}.Release|Any CPU.Build.0 = Release|Any CPU
		{6A041EA4-3C99-4D22-8E34-30F22392726E}.Release|x64.ActiveCfg = Release|Any CPU
		{6A041EA4-3C99-4D22-8E34-30F22392726E}.Release64|Any CPU.ActiveCfg = Release|Any CPU
		{6A041EA4-3C99-4D22-8E34-30F22392726E}.Release64|Any CPU.Build.0 = Release|Any CPU
		{6A041EA4-3C99-4D22-8E34-30F22392726E}.Release64|x64.ActiveCfg = Release|Any CPU
		{4D1F4DCA-8D81-4274-B784-B0A5C372D2C9}.Debug|Any CPU.ActiveCfg = Debug|Any CPU
		{4D1F4DCA-8D81-4274-B784-B0A5C372D2C9}.Debug|Any CPU.Build.0 = Debug|Any CPU
		{4D1F4DCA-8D81-4274-B784-B0A5C372D2C9}.Debug|x64.ActiveCfg = Debug|Any CPU
		{4D1F4DCA-8D81-4274-B784-B0A5C372D2C9}.Release|Any CPU.ActiveCfg = Release|Any CPU
		{4D1F4DCA-8D81-4274-B784-B0A5C372D2C9}.Release|Any CPU.Build.0 = Release|Any CPU
		{4D1F4DCA-8D81-4274-B784-B0A5C372D2C9}.Release|x64.ActiveCfg = Release|Any CPU
		{4D1F4DCA-8D81-4274-B784-B0A5C372D2C9}.Release64|Any CPU.ActiveCfg = Release|Any CPU
		{4D1F4DCA-8D81-4274-B784-B0A5C372D2C9}.Release64|Any CPU.Build.0 = Release|Any CPU
		{4D1F4DCA-8D81-4274-B784-B0A5C372D2C9}.Release64|x64.ActiveCfg = Release|Any CPU
		{D33BDA95-9E9B-4B97-BF2A-B3520D8928F3}.Debug|Any CPU.ActiveCfg = Debug|Any CPU
		{D33BDA95-9E9B-4B97-BF2A-B3520D8928F3}.Debug|Any CPU.Build.0 = Debug|Any CPU
		{D33BDA95-9E9B-4B97-BF2A-B3520D8928F3}.Debug|x64.ActiveCfg = Debug|Any CPU
		{D33BDA95-9E9B-4B97-BF2A-B3520D8928F3}.Release|Any CPU.ActiveCfg = Release|Any CPU
		{D33BDA95-9E9B-4B97-BF2A-B3520D8928F3}.Release|Any CPU.Build.0 = Release|Any CPU
		{D33BDA95-9E9B-4B97-BF2A-B3520D8928F3}.Release|x64.ActiveCfg = Release|Any CPU
		{D33BDA95-9E9B-4B97-BF2A-B3520D8928F3}.Release64|Any CPU.ActiveCfg = Release|Any CPU
		{D33BDA95-9E9B-4B97-BF2A-B3520D8928F3}.Release64|Any CPU.Build.0 = Release|Any CPU
		{D33BDA95-9E9B-4B97-BF2A-B3520D8928F3}.Release64|x64.ActiveCfg = Release|Any CPU
		{49A279B1-198B-4605-91D4-481A42286AE0}.Debug|Any CPU.ActiveCfg = Debug|Any CPU
		{49A279B1-198B-4605-91D4-481A42286AE0}.Debug|Any CPU.Build.0 = Debug|Any CPU
		{49A279B1-198B-4605-91D4-481A42286AE0}.Debug|x64.ActiveCfg = Debug|Any CPU
		{49A279B1-198B-4605-91D4-481A42286AE0}.Release|Any CPU.ActiveCfg = Release|Any CPU
		{49A279B1-198B-4605-91D4-481A42286AE0}.Release|Any CPU.Build.0 = Release|Any CPU
		{49A279B1-198B-4605-91D4-481A42286AE0}.Release|x64.ActiveCfg = Release|Any CPU
		{49A279B1-198B-4605-91D4-481A42286AE0}.Release64|Any CPU.ActiveCfg = Release|Any CPU
		{49A279B1-198B-4605-91D4-481A42286AE0}.Release64|Any CPU.Build.0 = Release|Any CPU
		{49A279B1-198B-4605-91D4-481A42286AE0}.Release64|x64.ActiveCfg = Release|Any CPU
		{90107230-692B-4EEF-9308-31D954AE722E}.Debug|Any CPU.ActiveCfg = Debug|Any CPU
		{90107230-692B-4EEF-9308-31D954AE722E}.Debug|Any CPU.Build.0 = Debug|Any CPU
		{90107230-692B-4EEF-9308-31D954AE722E}.Debug|x64.ActiveCfg = Debug|Any CPU
		{90107230-692B-4EEF-9308-31D954AE722E}.Release|Any CPU.ActiveCfg = Release|Any CPU
		{90107230-692B-4EEF-9308-31D954AE722E}.Release|Any CPU.Build.0 = Release|Any CPU
		{90107230-692B-4EEF-9308-31D954AE722E}.Release|x64.ActiveCfg = Release|Any CPU
		{90107230-692B-4EEF-9308-31D954AE722E}.Release64|Any CPU.ActiveCfg = Release|Any CPU
		{90107230-692B-4EEF-9308-31D954AE722E}.Release64|Any CPU.Build.0 = Release|Any CPU
		{90107230-692B-4EEF-9308-31D954AE722E}.Release64|x64.ActiveCfg = Release|Any CPU
		{AF6CB4F3-3A42-49B1-90CA-03310EFAE89B}.Debug|Any CPU.ActiveCfg = Debug|Any CPU
		{AF6CB4F3-3A42-49B1-90CA-03310EFAE89B}.Debug|Any CPU.Build.0 = Debug|Any CPU
		{AF6CB4F3-3A42-49B1-90CA-03310EFAE89B}.Debug|x64.ActiveCfg = Debug|Any CPU
		{AF6CB4F3-3A42-49B1-90CA-03310EFAE89B}.Release|Any CPU.ActiveCfg = Release|Any CPU
		{AF6CB4F3-3A42-49B1-90CA-03310EFAE89B}.Release|Any CPU.Build.0 = Release|Any CPU
		{AF6CB4F3-3A42-49B1-90CA-03310EFAE89B}.Release|x64.ActiveCfg = Release|Any CPU
		{AF6CB4F3-3A42-49B1-90CA-03310EFAE89B}.Release64|Any CPU.ActiveCfg = Release|Any CPU
		{AF6CB4F3-3A42-49B1-90CA-03310EFAE89B}.Release64|Any CPU.Build.0 = Release|Any CPU
		{AF6CB4F3-3A42-49B1-90CA-03310EFAE89B}.Release64|x64.ActiveCfg = Release|Any CPU
		{AE09D13E-272E-48BF-BB6D-6EE19EA7A4C5}.Debug|Any CPU.ActiveCfg = Debug|Any CPU
		{AE09D13E-272E-48BF-BB6D-6EE19EA7A4C5}.Debug|Any CPU.Build.0 = Debug|Any CPU
		{AE09D13E-272E-48BF-BB6D-6EE19EA7A4C5}.Debug|x64.ActiveCfg = Debug|Any CPU
		{AE09D13E-272E-48BF-BB6D-6EE19EA7A4C5}.Release|Any CPU.ActiveCfg = Release|Any CPU
		{AE09D13E-272E-48BF-BB6D-6EE19EA7A4C5}.Release|Any CPU.Build.0 = Release|Any CPU
		{AE09D13E-272E-48BF-BB6D-6EE19EA7A4C5}.Release|x64.ActiveCfg = Release|Any CPU
		{AE09D13E-272E-48BF-BB6D-6EE19EA7A4C5}.Release64|Any CPU.ActiveCfg = Release|Any CPU
		{AE09D13E-272E-48BF-BB6D-6EE19EA7A4C5}.Release64|Any CPU.Build.0 = Release|Any CPU
		{AE09D13E-272E-48BF-BB6D-6EE19EA7A4C5}.Release64|x64.ActiveCfg = Release|Any CPU
		{1CEAEC92-9FC0-4FF5-9E53-147E1BCF6247}.Debug|Any CPU.ActiveCfg = Debug|Any CPU
		{1CEAEC92-9FC0-4FF5-9E53-147E1BCF6247}.Debug|Any CPU.Build.0 = Debug|Any CPU
		{1CEAEC92-9FC0-4FF5-9E53-147E1BCF6247}.Debug|x64.ActiveCfg = Debug|Any CPU
		{1CEAEC92-9FC0-4FF5-9E53-147E1BCF6247}.Release|Any CPU.ActiveCfg = Release|Any CPU
		{1CEAEC92-9FC0-4FF5-9E53-147E1BCF6247}.Release|Any CPU.Build.0 = Release|Any CPU
		{1CEAEC92-9FC0-4FF5-9E53-147E1BCF6247}.Release|x64.ActiveCfg = Release|Any CPU
		{1CEAEC92-9FC0-4FF5-9E53-147E1BCF6247}.Release64|Any CPU.ActiveCfg = Release|Any CPU
		{1CEAEC92-9FC0-4FF5-9E53-147E1BCF6247}.Release64|Any CPU.Build.0 = Release|Any CPU
		{1CEAEC92-9FC0-4FF5-9E53-147E1BCF6247}.Release64|x64.ActiveCfg = Release|Any CPU
		{7328F6C9-3133-4560-A6A4-895E0C0A7EFE}.Debug|Any CPU.ActiveCfg = Debug|Any CPU
		{7328F6C9-3133-4560-A6A4-895E0C0A7EFE}.Debug|Any CPU.Build.0 = Debug|Any CPU
		{7328F6C9-3133-4560-A6A4-895E0C0A7EFE}.Debug|x64.ActiveCfg = Debug|Any CPU
		{7328F6C9-3133-4560-A6A4-895E0C0A7EFE}.Release|Any CPU.ActiveCfg = Release|Any CPU
		{7328F6C9-3133-4560-A6A4-895E0C0A7EFE}.Release|Any CPU.Build.0 = Release|Any CPU
		{7328F6C9-3133-4560-A6A4-895E0C0A7EFE}.Release|x64.ActiveCfg = Release|Any CPU
		{7328F6C9-3133-4560-A6A4-895E0C0A7EFE}.Release64|Any CPU.ActiveCfg = Release|Any CPU
		{7328F6C9-3133-4560-A6A4-895E0C0A7EFE}.Release64|Any CPU.Build.0 = Release|Any CPU
		{7328F6C9-3133-4560-A6A4-895E0C0A7EFE}.Release64|x64.ActiveCfg = Release|Any CPU
		{B14DD74F-5FAA-4042-8B9F-106C4118C883}.Debug|Any CPU.ActiveCfg = Debug|Any CPU
		{B14DD74F-5FAA-4042-8B9F-106C4118C883}.Debug|Any CPU.Build.0 = Debug|Any CPU
		{B14DD74F-5FAA-4042-8B9F-106C4118C883}.Debug|x64.ActiveCfg = Debug|Any CPU
		{B14DD74F-5FAA-4042-8B9F-106C4118C883}.Release|Any CPU.ActiveCfg = Release|Any CPU
		{B14DD74F-5FAA-4042-8B9F-106C4118C883}.Release|Any CPU.Build.0 = Release|Any CPU
		{B14DD74F-5FAA-4042-8B9F-106C4118C883}.Release|x64.ActiveCfg = Release|Any CPU
		{B14DD74F-5FAA-4042-8B9F-106C4118C883}.Release64|Any CPU.ActiveCfg = Release|Any CPU
		{B14DD74F-5FAA-4042-8B9F-106C4118C883}.Release64|Any CPU.Build.0 = Release|Any CPU
		{B14DD74F-5FAA-4042-8B9F-106C4118C883}.Release64|x64.ActiveCfg = Release|Any CPU
		{AD8B5868-89FE-4E7A-B38D-A08E2AF3CDEC}.Debug|Any CPU.ActiveCfg = Debug|Any CPU
		{AD8B5868-89FE-4E7A-B38D-A08E2AF3CDEC}.Debug|Any CPU.Build.0 = Debug|Any CPU
		{AD8B5868-89FE-4E7A-B38D-A08E2AF3CDEC}.Debug|x64.ActiveCfg = Debug|Any CPU
		{AD8B5868-89FE-4E7A-B38D-A08E2AF3CDEC}.Release|Any CPU.ActiveCfg = Release|Any CPU
		{AD8B5868-89FE-4E7A-B38D-A08E2AF3CDEC}.Release|Any CPU.Build.0 = Release|Any CPU
		{AD8B5868-89FE-4E7A-B38D-A08E2AF3CDEC}.Release|x64.ActiveCfg = Release|Any CPU
		{AD8B5868-89FE-4E7A-B38D-A08E2AF3CDEC}.Release64|Any CPU.ActiveCfg = Release|Any CPU
		{AD8B5868-89FE-4E7A-B38D-A08E2AF3CDEC}.Release64|Any CPU.Build.0 = Release|Any CPU
		{AD8B5868-89FE-4E7A-B38D-A08E2AF3CDEC}.Release64|x64.ActiveCfg = Release|Any CPU
		{5EC4EB1E-BE93-4460-B231-CC7DCBFFD40D}.Debug|Any CPU.ActiveCfg = Debug|Any CPU
		{5EC4EB1E-BE93-4460-B231-CC7DCBFFD40D}.Debug|Any CPU.Build.0 = Debug|Any CPU
		{5EC4EB1E-BE93-4460-B231-CC7DCBFFD40D}.Debug|x64.ActiveCfg = Debug|Any CPU
		{5EC4EB1E-BE93-4460-B231-CC7DCBFFD40D}.Release|Any CPU.ActiveCfg = Release|Any CPU
		{5EC4EB1E-BE93-4460-B231-CC7DCBFFD40D}.Release|Any CPU.Build.0 = Release|Any CPU
		{5EC4EB1E-BE93-4460-B231-CC7DCBFFD40D}.Release|x64.ActiveCfg = Release|Any CPU
		{5EC4EB1E-BE93-4460-B231-CC7DCBFFD40D}.Release64|Any CPU.ActiveCfg = Release|Any CPU
		{5EC4EB1E-BE93-4460-B231-CC7DCBFFD40D}.Release64|Any CPU.Build.0 = Release|Any CPU
		{5EC4EB1E-BE93-4460-B231-CC7DCBFFD40D}.Release64|x64.ActiveCfg = Release|Any CPU
		{A47AB431-1671-4574-97F9-854CA5046E51}.Debug|Any CPU.ActiveCfg = Debug|Any CPU
		{A47AB431-1671-4574-97F9-854CA5046E51}.Debug|Any CPU.Build.0 = Debug|Any CPU
		{A47AB431-1671-4574-97F9-854CA5046E51}.Debug|x64.ActiveCfg = Debug|Any CPU
		{A47AB431-1671-4574-97F9-854CA5046E51}.Release|Any CPU.ActiveCfg = Release|Any CPU
		{A47AB431-1671-4574-97F9-854CA5046E51}.Release|Any CPU.Build.0 = Release|Any CPU
		{A47AB431-1671-4574-97F9-854CA5046E51}.Release|x64.ActiveCfg = Release|Any CPU
		{A47AB431-1671-4574-97F9-854CA5046E51}.Release64|Any CPU.ActiveCfg = Release|Any CPU
		{A47AB431-1671-4574-97F9-854CA5046E51}.Release64|Any CPU.Build.0 = Release|Any CPU
		{A47AB431-1671-4574-97F9-854CA5046E51}.Release64|x64.ActiveCfg = Release|Any CPU
	EndGlobalSection
	GlobalSection(SolutionProperties) = preSolution
		HideSolutionNode = FALSE
	EndGlobalSection
EndGlobal
