
Microsoft Visual Studio Solution File, Format Version 10.00
# Visual Studio 2008
Project("{FAE04EC0-301F-11D3-BF4B-00C04F79EFBC}") = "Cinar.Database", "Cinar.Database\Cinar.Database.csproj", "{6727C03B-4CF9-4670-B2EC-63FACFBE5DFA}"
EndProject
Project("{FAE04EC0-301F-11D3-BF4B-00C04F79EFBC}") = "Cinar.DBTools", "Cinar.DBTools\Cinar.DBTools.csproj", "{047CE3A8-3319-4378-878E-C64F52797409}"
EndProject
Project("{FAE04EC0-301F-11D3-BF4B-00C04F79EFBC}") = "Cinar.HTMLParser", "Cinar.HTMLParser\Cinar.HTMLParser.csproj", "{9E8EED96-D3A0-45E9-B15D-72F0DF8BA517}"
EndProject
Project("{FAE04EC0-301F-11D3-BF4B-00C04F79EFBC}") = "Cinar.LocalizationTool", "Cinar.LocalizationTool\Cinar.LocalizationTool.csproj", "{B22726B4-97D9-437F-9314-9DF7F5BCD38A}"
EndProject
Project("{FAE04EC0-301F-11D3-BF4B-00C04F79EFBC}") = "Cinar.RSSReader", "Cinar.RSSReader\Cinar.RSSReader.csproj", "{6A041EA4-3C99-4D22-8E34-30F22392726E}"
EndProject
Project("{FAE04EC0-301F-11D3-BF4B-00C04F79EFBC}") = "Cinar.Scheduler", "Cinar.Scheduler\Cinar.Scheduler.csproj", "{4D1F4DCA-8D81-4274-B784-B0A5C372D2C9}"
EndProject
Project("{FAE04EC0-301F-11D3-BF4B-00C04F79EFBC}") = "Cinar.Scripting", "Cinar.Scripting\Cinar.Scripting.csproj", "{D33BDA95-9E9B-4B97-BF2A-B3520D8928F3}"
EndProject
Project("{FAE04EC0-301F-11D3-BF4B-00C04F79EFBC}") = "Cinar.TemplateDesign", "Cinar.TemplateDesign\Cinar.TemplateDesign.csproj", "{49A279B1-198B-4605-91D4-481A42286AE0}"
EndProject
Project("{FAE04EC0-301F-11D3-BF4B-00C04F79EFBC}") = "Cinar.UICommands", "Cinar.UICommands\Cinar.UICommands.csproj", "{90107230-692B-4EEF-9308-31D954AE722E}"
EndProject
Project("{FAE04EC0-301F-11D3-BF4B-00C04F79EFBC}") = "Cinar.Extensions", "Cinar.Extensions\Cinar.Extensions.csproj", "{AF6CB4F3-3A42-49B1-90CA-03310EFAE89B}"
EndProject
Project("{FAE04EC0-301F-11D3-BF4B-00C04F79EFBC}") = "Cinar.SQLParser", "Cinar.SQLParser\Cinar.SQLParser.csproj", "{AE09D13E-272E-48BF-BB6D-6EE19EA7A4C5}"
EndProject
Global
	GlobalSection(SolutionConfigurationPlatforms) = preSolution
		Debug|Any CPU = Debug|Any CPU
		Release|Any CPU = Release|Any CPU
	EndGlobalSection
	GlobalSection(ProjectConfigurationPlatforms) = postSolution
		{6727C03B-4CF9-4670-B2EC-63FACFBE5DFA}.Debug|Any CPU.ActiveCfg = Debug|Any CPU
		{6727C03B-4CF9-4670-B2EC-63FACFBE5DFA}.Debug|Any CPU.Build.0 = Debug|Any CPU
		{6727C03B-4CF9-4670-B2EC-63FACFBE5DFA}.Release|Any CPU.ActiveCfg = Release|Any CPU
		{6727C03B-4CF9-4670-B2EC-63FACFBE5DFA}.Release|Any CPU.Build.0 = Release|Any CPU
		{047CE3A8-3319-4378-878E-C64F52797409}.Debug|Any CPU.ActiveCfg = Debug|Any CPU
		{047CE3A8-3319-4378-878E-C64F52797409}.Debug|Any CPU.Build.0 = Debug|Any CPU
		{047CE3A8-3319-4378-878E-C64F52797409}.Release|Any CPU.ActiveCfg = Release|Any CPU
		{047CE3A8-3319-4378-878E-C64F52797409}.Release|Any CPU.Build.0 = Release|Any CPU
		{9E8EED96-D3A0-45E9-B15D-72F0DF8BA517}.Debug|Any CPU.ActiveCfg = Debug|Any CPU
		{9E8EED96-D3A0-45E9-B15D-72F0DF8BA517}.Debug|Any CPU.Build.0 = Debug|Any CPU
		{9E8EED96-D3A0-45E9-B15D-72F0DF8BA517}.Release|Any CPU.ActiveCfg = Release|Any CPU
		{9E8EED96-D3A0-45E9-B15D-72F0DF8BA517}.Release|Any CPU.Build.0 = Release|Any CPU
		{B22726B4-97D9-437F-9314-9DF7F5BCD38A}.Debug|Any CPU.ActiveCfg = Debug|Any CPU
		{B22726B4-97D9-437F-9314-9DF7F5BCD38A}.Debug|Any CPU.Build.0 = Debug|Any CPU
		{B22726B4-97D9-437F-9314-9DF7F5BCD38A}.Release|Any CPU.ActiveCfg = Release|Any CPU
		{B22726B4-97D9-437F-9314-9DF7F5BCD38A}.Release|Any CPU.Build.0 = Release|Any CPU
		{6A041EA4-3C99-4D22-8E34-30F22392726E}.Debug|Any CPU.ActiveCfg = Debug|Any CPU
		{6A041EA4-3C99-4D22-8E34-30F22392726E}.Debug|Any CPU.Build.0 = Debug|Any CPU
		{6A041EA4-3C99-4D22-8E34-30F22392726E}.Release|Any CPU.ActiveCfg = Release|Any CPU
		{6A041EA4-3C99-4D22-8E34-30F22392726E}.Release|Any CPU.Build.0 = Release|Any CPU
		{4D1F4DCA-8D81-4274-B784-B0A5C372D2C9}.Debug|Any CPU.ActiveCfg = Debug|Any CPU
		{4D1F4DCA-8D81-4274-B784-B0A5C372D2C9}.Debug|Any CPU.Build.0 = Debug|Any CPU
		{4D1F4DCA-8D81-4274-B784-B0A5C372D2C9}.Release|Any CPU.ActiveCfg = Release|Any CPU
		{4D1F4DCA-8D81-4274-B784-B0A5C372D2C9}.Release|Any CPU.Build.0 = Release|Any CPU
		{D33BDA95-9E9B-4B97-BF2A-B3520D8928F3}.Debug|Any CPU.ActiveCfg = Debug|Any CPU
		{D33BDA95-9E9B-4B97-BF2A-B3520D8928F3}.Debug|Any CPU.Build.0 = Debug|Any CPU
		{D33BDA95-9E9B-4B97-BF2A-B3520D8928F3}.Release|Any CPU.ActiveCfg = Release|Any CPU
		{D33BDA95-9E9B-4B97-BF2A-B3520D8928F3}.Release|Any CPU.Build.0 = Release|Any CPU
		{49A279B1-198B-4605-91D4-481A42286AE0}.Debug|Any CPU.ActiveCfg = Debug|Any CPU
		{49A279B1-198B-4605-91D4-481A42286AE0}.Debug|Any CPU.Build.0 = Debug|Any CPU
		{49A279B1-198B-4605-91D4-481A42286AE0}.Release|Any CPU.ActiveCfg = Release|Any CPU
		{49A279B1-198B-4605-91D4-481A42286AE0}.Release|Any CPU.Build.0 = Release|Any CPU
		{90107230-692B-4EEF-9308-31D954AE722E}.Debug|Any CPU.ActiveCfg = Debug|Any CPU
		{90107230-692B-4EEF-9308-31D954AE722E}.Debug|Any CPU.Build.0 = Debug|Any CPU
		{90107230-692B-4EEF-9308-31D954AE722E}.Release|Any CPU.ActiveCfg = Release|Any CPU
		{90107230-692B-4EEF-9308-31D954AE722E}.Release|Any CPU.Build.0 = Release|Any CPU
		{AF6CB4F3-3A42-49B1-90CA-03310EFAE89B}.Debug|Any CPU.ActiveCfg = Debug|Any CPU
		{AF6CB4F3-3A42-49B1-90CA-03310EFAE89B}.Debug|Any CPU.Build.0 = Debug|Any CPU
		{AF6CB4F3-3A42-49B1-90CA-03310EFAE89B}.Release|Any CPU.ActiveCfg = Release|Any CPU
		{AF6CB4F3-3A42-49B1-90CA-03310EFAE89B}.Release|Any CPU.Build.0 = Release|Any CPU
		{AE09D13E-272E-48BF-BB6D-6EE19EA7A4C5}.Debug|Any CPU.ActiveCfg = Debug|Any CPU
		{AE09D13E-272E-48BF-BB6D-6EE19EA7A4C5}.Debug|Any CPU.Build.0 = Debug|Any CPU
		{AE09D13E-272E-48BF-BB6D-6EE19EA7A4C5}.Release|Any CPU.ActiveCfg = Release|Any CPU
		{AE09D13E-272E-48BF-BB6D-6EE19EA7A4C5}.Release|Any CPU.Build.0 = Release|Any CPU
	EndGlobalSection
	GlobalSection(SolutionProperties) = preSolution
		HideSolutionNode = FALSE
	EndGlobalSection
EndGlobal
